// !$*UTF8*$!
{
	archiveVersion = 1;
	classes = {
	};
	objectVersion = 46;
	objects = {

/* Begin PBXBuildFile section */
		2C178CD952AB829FEF85B23E /* Cocoa.framework in Frameworks */ = {isa = PBXBuildFile; fileRef = 175F0F6FC5F813BFFE81BAC5 /* Cocoa.framework */; };
		30AE980A9F4142E8AA278C2B /* ImageCompressionCore.framework in Frameworks */ = {isa = PBXBuildFile; fileRef = 656CEE61B336E351BC44B49C /* ImageCompressionCore.framework */; };
		38BD7E2B43BD8D0C55666F2B /* Cocoa.framework in Frameworks */ = {isa = PBXBuildFile; fileRef = 175F0F6FC5F813BFFE81BAC5 /* Cocoa.framework */; };
		3A7D0AB276C988E367411AAE /* FinderXLinking.framework in Frameworks */ = {isa = PBXBuildFile; fileRef = 07FF58E637157A0E37197AA8 /* FinderXLinking.framework */; };
		53567C1FAF0B5F6009662DB6 /* main.swift in Sources */ = {isa = PBXBuildFile; fileRef = 1BCFB0B20FD6F52210DFEDCD /* main.swift */; };
		64388D0F9FB4CF3669943E98 /* ImageCompressionCore.framework in Frameworks */ = {isa = PBXBuildFile; fileRef = 656CEE61B336E351BC44B49C /* ImageCompressionCore.framework */; };
		68387AC170E26E149B18287B /* Cocoa.framework in Frameworks */ = {isa = PBXBuildFile; fileRef = 175F0F6FC5F813BFFE81BAC5 /* Cocoa.framework */; };
		6A0D0BF629EC1060E8189BEA /* ImageCompressionCore.framework in Embed Frameworks */ = {isa = PBXBuildFile; fileRef = 656CEE61B336E351BC44B49C /* ImageCompressionCore.framework */; settings = {ATTRIBUTES = (CodeSignOnCopy, RemoveHeadersOnCopy, ); }; };
		6EB4943B60B9D25C680B6AF2 /* Cocoa.framework in Frameworks */ = {isa = PBXBuildFile; fileRef = 175F0F6FC5F813BFFE81BAC5 /* Cocoa.framework */; };
		6F875287A21CFCFD59E36748 /* FinderXLinkingTests.swift in Sources */ = {isa = PBXBuildFile; fileRef = 28B09CF0BA1A18C1401E0E7D /* FinderXLinkingTests.swift */; };
		99BFF7C7FEC73EC92FEB054E /* FinderXLinking.framework in Embed Frameworks */ = {isa = PBXBuildFile; fileRef = 07FF58E637157A0E37197AA8 /* FinderXLinking.framework */; settings = {ATTRIBUTES = (CodeSignOnCopy, RemoveHeadersOnCopy, ); }; };
		A1055C221D2D4D376CD890CF /* ImageCompressionCore.framework in Frameworks */ = {isa = PBXBuildFile; fileRef = 656CEE61B336E351BC44B49C /* ImageCompressionCore.framework */; };
		AA03C1AA8C5C0CB2A279599B /* FinderXApp.swift in Sources */ = {isa = PBXBuildFile; fileRef = CABD70BB81AFDF009BAAF2A4 /* FinderXApp.swift */; };
		B426CB6363D7387CA7E78200 /* Assets.xcassets in Resources */ = {isa = PBXBuildFile; fileRef = 6A35171A279F71EBF95DD41D /* Assets.xcassets */; };
		BA11569B6B50D226BFD55375 /* Cocoa.framework in Frameworks */ = {isa = PBXBuildFile; fileRef = 175F0F6FC5F813BFFE81BAC5 /* Cocoa.framework */; };
		BDD8A6BE5864848D66643109 /* FinderXLink.swift in Sources */ = {isa = PBXBuildFile; fileRef = 9F8B1A063EE937218D89F76E /* FinderXLink.swift */; };
		C3001F3677B11E7B9F007109 /* FinderSync.swift in Sources */ = {isa = PBXBuildFile; fileRef = BCA7CA4CDACD5AA9E1A5C3A3 /* FinderSync.swift */; };
		C98A742145B9B1126F48A124 /* FinderXFinderExtension.appex in Embed App Extensions */ = {isa = PBXBuildFile; fileRef = 67CD49F50BFAFC47AD40981D /* FinderXFinderExtension.appex */; settings = {ATTRIBUTES = (RemoveHeadersOnCopy, ); }; };
		CAEB71BC9A4A8C05F1CC14E0 /* FinderXLinking.framework in Frameworks */ = {isa = PBXBuildFile; fileRef = 07FF58E637157A0E37197AA8 /* FinderXLinking.framework */; };
		D3318BB9D8C01845A47A725C /* Cocoa.framework in Frameworks */ = {isa = PBXBuildFile; fileRef = 175F0F6FC5F813BFFE81BAC5 /* Cocoa.framework */; };
		DE1EBC0DE0E46EA34AD68A0D /* ImageCompressionCore.swift in Sources */ = {isa = PBXBuildFile; fileRef = 425BAC8D9145C168F8B51403 /* ImageCompressionCore.swift */; };
		E4B99CD0D408BF64572FAC95 /* ImageCompressionCore.framework in Embed Frameworks */ = {isa = PBXBuildFile; fileRef = 656CEE61B336E351BC44B49C /* ImageCompressionCore.framework */; settings = {ATTRIBUTES = (CodeSignOnCopy, RemoveHeadersOnCopy, ); }; };
		F37FC721140306D3D21C5396 /* ImageCompressionCoreTests.swift in Sources */ = {isa = PBXBuildFile; fileRef = BF7DEE43E5FF3C60D0FA7BA3 /* ImageCompressionCoreTests.swift */; };
		F39691BC07D0657F294EEAFF /* Cocoa.framework in Frameworks */ = {isa = PBXBuildFile; fileRef = 175F0F6FC5F813BFFE81BAC5 /* Cocoa.framework */; };
		F409902C68F0287A9D85EAFA /* FinderXLinking.framework in Frameworks */ = {isa = PBXBuildFile; fileRef = 07FF58E637157A0E37197AA8 /* FinderXLinking.framework */; };
/* End PBXBuildFile section */

/* Begin PBXContainerItemProxy section */
		39A3D4457299E2A6962D48AD /* PBXContainerItemProxy */ = {
			isa = PBXContainerItemProxy;
			containerPortal = FBDBA12DC4B2ACF0F7959E64 /* Project object */;
			proxyType = 1;
			remoteGlobalIDString = 69BF8BC27CDAD1E0967D6389;
			remoteInfo = ImageCompressionCore;
		};
		4161FB8D904B40C142D56E5C /* PBXContainerItemProxy */ = {
			isa = PBXContainerItemProxy;
			containerPortal = FBDBA12DC4B2ACF0F7959E64 /* Project object */;
			proxyType = 1;
			remoteGlobalIDString = 69BF8BC27CDAD1E0967D6389;
			remoteInfo = ImageCompressionCore;
		};
		5945BD36F5B6C368D167C5EE /* PBXContainerItemProxy */ = {
			isa = PBXContainerItemProxy;
			containerPortal = FBDBA12DC4B2ACF0F7959E64 /* Project object */;
			proxyType = 1;
			remoteGlobalIDString = AF8A57509EFC25FAE7F5BFAF;
			remoteInfo = FinderXLinking;
		};
		6BC45910E3FE973C563716A3 /* PBXContainerItemProxy */ = {
			isa = PBXContainerItemProxy;
			containerPortal = FBDBA12DC4B2ACF0F7959E64 /* Project object */;
			proxyType = 1;
			remoteGlobalIDString = AF8A57509EFC25FAE7F5BFAF;
			remoteInfo = FinderXLinking;
		};
		7F1AE5A2E5C2946EE34D6AD7 /* PBXContainerItemProxy */ = {
			isa = PBXContainerItemProxy;
			containerPortal = FBDBA12DC4B2ACF0F7959E64 /* Project object */;
			proxyType = 1;
			remoteGlobalIDString = AF8A57509EFC25FAE7F5BFAF;
			remoteInfo = FinderXLinking;
		};
		B0BA578811817707877F3CB1 /* PBXContainerItemProxy */ = {
			isa = PBXContainerItemProxy;
			containerPortal = FBDBA12DC4B2ACF0F7959E64 /* Project object */;
			proxyType = 1;
			remoteGlobalIDString = 69BF8BC27CDAD1E0967D6389;
			remoteInfo = ImageCompressionCore;
		};
		FF26E7B81E290DF7626890E9 /* PBXContainerItemProxy */ = {
			isa = PBXContainerItemProxy;
			containerPortal = FBDBA12DC4B2ACF0F7959E64 /* Project object */;
			proxyType = 1;
			remoteGlobalIDString = 66CC693F87B84E7CF7D93D6F;
			remoteInfo = FinderXFinderExtension;
		};
/* End PBXContainerItemProxy section */

/* Begin PBXCopyFilesBuildPhase section */
		19FD6B7F3C3F2C813B6CF738 /* Embed Frameworks */ = {
			isa = PBXCopyFilesBuildPhase;
			buildActionMask = 2147483647;
			dstPath = "";
			dstSubfolderSpec = 10;
			files = (
				E4B99CD0D408BF64572FAC95 /* ImageCompressionCore.framework in Embed Frameworks */,
			);
			name = "Embed Frameworks";
			runOnlyForDeploymentPostprocessing = 0;
		};
		567E57087FF529F45B751361 /* Embed Frameworks */ = {
			isa = PBXCopyFilesBuildPhase;
			buildActionMask = 2147483647;
			dstPath = "";
			dstSubfolderSpec = 10;
			files = (
				6A0D0BF629EC1060E8189BEA /* ImageCompressionCore.framework in Embed Frameworks */,
			);
			name = "Embed Frameworks";
			runOnlyForDeploymentPostprocessing = 0;
		};
		B3C370A74112C0E0450C8FC4 /* Embed Frameworks */ = {
			isa = PBXCopyFilesBuildPhase;
			buildActionMask = 2147483647;
			dstPath = "";
			dstSubfolderSpec = 10;
			files = (
				99BFF7C7FEC73EC92FEB054E /* FinderXLinking.framework in Embed Frameworks */,
			);
			name = "Embed Frameworks";
			runOnlyForDeploymentPostprocessing = 0;
		};
		B6BDDBA765CCB34E4F0967D7 /* Embed App Extensions */ = {
			isa = PBXCopyFilesBuildPhase;
			buildActionMask = 2147483647;
			dstPath = "";
			dstSubfolderSpec = 13;
			files = (
				C98A742145B9B1126F48A124 /* FinderXFinderExtension.appex in Embed App Extensions */,
			);
			name = "Embed App Extensions";
			runOnlyForDeploymentPostprocessing = 0;
		};
/* End PBXCopyFilesBuildPhase section */

/* Begin PBXFileReference section */
		07FF58E637157A0E37197AA8 /* FinderXLinking.framework */ = {isa = PBXFileReference; explicitFileType = wrapper.framework; includeInIndex = 0; path = FinderXLinking.framework; sourceTree = BUILT_PRODUCTS_DIR; };
		0B48B6A95142B3FEF1543537 /* ImageCompressionCoreTests.xctest */ = {isa = PBXFileReference; explicitFileType = wrapper.cfbundle; includeInIndex = 0; path = ImageCompressionCoreTests.xctest; sourceTree = BUILT_PRODUCTS_DIR; };
		175F0F6FC5F813BFFE81BAC5 /* Cocoa.framework */ = {isa = PBXFileReference; lastKnownFileType = wrapper.framework; name = Cocoa.framework; path = Platforms/MacOSX.platform/Developer/SDKs/MacOSX10.15.sdk/System/Library/Frameworks/Cocoa.framework; sourceTree = DEVELOPER_DIR; };
		1BCFB0B20FD6F52210DFEDCD /* main.swift */ = {isa = PBXFileReference; includeInIndex = 1; lastKnownFileType = sourcecode.swift; name = main.swift; path = Sources/FinderXCompressCLI/main.swift; sourceTree = "<group>"; };
		28B09CF0BA1A18C1401E0E7D /* FinderXLinkingTests.swift */ = {isa = PBXFileReference; includeInIndex = 1; lastKnownFileType = sourcecode.swift; name = FinderXLinkingTests.swift; path = Tests/FinderXLinkingTests/FinderXLinkingTests.swift; sourceTree = "<group>"; };
		425BAC8D9145C168F8B51403 /* ImageCompressionCore.swift */ = {isa = PBXFileReference; includeInIndex = 1; lastKnownFileType = sourcecode.swift; name = ImageCompressionCore.swift; path = Sources/ImageCompressionCore/ImageCompressionCore.swift; sourceTree = "<group>"; };
		4F85ADB31CB38FFA67000011 /* FinderX.app */ = {isa = PBXFileReference; explicitFileType = wrapper.application; includeInIndex = 0; path = FinderX.app; sourceTree = BUILT_PRODUCTS_DIR; };
		656CEE61B336E351BC44B49C /* ImageCompressionCore.framework */ = {isa = PBXFileReference; explicitFileType = wrapper.framework; includeInIndex = 0; path = ImageCompressionCore.framework; sourceTree = BUILT_PRODUCTS_DIR; };
		67CD49F50BFAFC47AD40981D /* FinderXFinderExtension.appex */ = {isa = PBXFileReference; explicitFileType = "wrapper.app-extension"; includeInIndex = 0; path = FinderXFinderExtension.appex; sourceTree = BUILT_PRODUCTS_DIR; };
		6A3378B5CB86D1640017AC2B /* FinderXCompressCLI */ = {isa = PBXFileReference; includeInIndex = 0; path = FinderXCompressCLI; sourceTree = BUILT_PRODUCTS_DIR; };
		6A35171A279F71EBF95DD41D /* Assets.xcassets */ = {isa = PBXFileReference; includeInIndex = 1; lastKnownFileType = folder.assetcatalog; name = Assets.xcassets; path = FinderX/Resources/Assets.xcassets; sourceTree = "<group>"; };
		9F8B1A063EE937218D89F76E /* FinderXLink.swift */ = {isa = PBXFileReference; includeInIndex = 1; lastKnownFileType = sourcecode.swift; name = FinderXLink.swift; path = Sources/FinderXLinking/FinderXLink.swift; sourceTree = "<group>"; };
		B251F4407360BD87C2F17C80 /* FinderXLinkingTests.xctest */ = {isa = PBXFileReference; explicitFileType = wrapper.cfbundle; includeInIndex = 0; path = FinderXLinkingTests.xctest; sourceTree = BUILT_PRODUCTS_DIR; };
		BCA7CA4CDACD5AA9E1A5C3A3 /* FinderSync.swift */ = {isa = PBXFileReference; includeInIndex = 1; lastKnownFileType = sourcecode.swift; name = FinderSync.swift; path = Sources/FinderXFinderExtension/FinderSync.swift; sourceTree = "<group>"; };
		BF7DEE43E5FF3C60D0FA7BA3 /* ImageCompressionCoreTests.swift */ = {isa = PBXFileReference; includeInIndex = 1; lastKnownFileType = sourcecode.swift; name = ImageCompressionCoreTests.swift; path = Tests/ImageCompressionCoreTests/ImageCompressionCoreTests.swift; sourceTree = "<group>"; };
		CABD70BB81AFDF009BAAF2A4 /* FinderXApp.swift */ = {isa = PBXFileReference; includeInIndex = 1; lastKnownFileType = sourcecode.swift; name = FinderXApp.swift; path = Sources/FinderXApp/FinderXApp.swift; sourceTree = "<group>"; };
/* End PBXFileReference section */

/* Begin PBXFrameworksBuildPhase section */
		0F77AAA70A7B41F02E7BF0BE /* Frameworks */ = {
			isa = PBXFrameworksBuildPhase;
			buildActionMask = 2147483647;
			files = (
				38BD7E2B43BD8D0C55666F2B /* Cocoa.framework in Frameworks */,
				CAEB71BC9A4A8C05F1CC14E0 /* FinderXLinking.framework in Frameworks */,
			);
			runOnlyForDeploymentPostprocessing = 0;
		};
		1CAE7D25621193DBF63E971E /* Frameworks */ = {
			isa = PBXFrameworksBuildPhase;
			buildActionMask = 2147483647;
			files = (
				2C178CD952AB829FEF85B23E /* Cocoa.framework in Frameworks */,
				30AE980A9F4142E8AA278C2B /* ImageCompressionCore.framework in Frameworks */,
			);
			runOnlyForDeploymentPostprocessing = 0;
		};
		2714D9D7849F840D1B49148A /* Frameworks */ = {
			isa = PBXFrameworksBuildPhase;
			buildActionMask = 2147483647;
			files = (
				6EB4943B60B9D25C680B6AF2 /* Cocoa.framework in Frameworks */,
				F409902C68F0287A9D85EAFA /* FinderXLinking.framework in Frameworks */,
			);
			runOnlyForDeploymentPostprocessing = 0;
		};
		2716362663F575ABA42F3997 /* Frameworks */ = {
			isa = PBXFrameworksBuildPhase;
			buildActionMask = 2147483647;
			files = (
				F39691BC07D0657F294EEAFF /* Cocoa.framework in Frameworks */,
				64388D0F9FB4CF3669943E98 /* ImageCompressionCore.framework in Frameworks */,
				3A7D0AB276C988E367411AAE /* FinderXLinking.framework in Frameworks */,
			);
			runOnlyForDeploymentPostprocessing = 0;
		};
		6BF0ADC60215A53A8079EF3E /* Frameworks */ = {
			isa = PBXFrameworksBuildPhase;
			buildActionMask = 2147483647;
			files = (
				BA11569B6B50D226BFD55375 /* Cocoa.framework in Frameworks */,
			);
			runOnlyForDeploymentPostprocessing = 0;
		};
		936C08D902B30CAAB1EC550D /* Frameworks */ = {
			isa = PBXFrameworksBuildPhase;
			buildActionMask = 2147483647;
			files = (
				D3318BB9D8C01845A47A725C /* Cocoa.framework in Frameworks */,
				A1055C221D2D4D376CD890CF /* ImageCompressionCore.framework in Frameworks */,
			);
			runOnlyForDeploymentPostprocessing = 0;
		};
		F59E0BB4B34DD6539A2E02E5 /* Frameworks */ = {
			isa = PBXFrameworksBuildPhase;
			buildActionMask = 2147483647;
			files = (
				68387AC170E26E149B18287B /* Cocoa.framework in Frameworks */,
			);
			runOnlyForDeploymentPostprocessing = 0;
		};
/* End PBXFrameworksBuildPhase section */

/* Begin PBXGroup section */
		111E55690F870CDD3CD87A0E = {
			isa = PBXGroup;
			children = (
				3636D989E01CADB52057174F /* Products */,
				4B9B701FBB8214FA329FBBF7 /* Frameworks */,
				F824C35F8D2A912346DE7064 /* Sources */,
				26CA7785D93ADA2F564925C3 /* FinderX */,
				63443DFFB65AF01AD8236BE8 /* Tests */,
			);
			sourceTree = "<group>";
		};
		26CA7785D93ADA2F564925C3 /* FinderX */ = {
			isa = PBXGroup;
			children = (
				6A35171A279F71EBF95DD41D /* Assets.xcassets */,
			);
			name = FinderX;
			sourceTree = "<group>";
		};
		3636D989E01CADB52057174F /* Products */ = {
			isa = PBXGroup;
			children = (
				656CEE61B336E351BC44B49C /* ImageCompressionCore.framework */,
				07FF58E637157A0E37197AA8 /* FinderXLinking.framework */,
				4F85ADB31CB38FFA67000011 /* FinderX.app */,
				67CD49F50BFAFC47AD40981D /* FinderXFinderExtension.appex */,
				6A3378B5CB86D1640017AC2B /* FinderXCompressCLI */,
				0B48B6A95142B3FEF1543537 /* ImageCompressionCoreTests.xctest */,
				B251F4407360BD87C2F17C80 /* FinderXLinkingTests.xctest */,
			);
			name = Products;
			sourceTree = "<group>";
		};
		4B9B701FBB8214FA329FBBF7 /* Frameworks */ = {
			isa = PBXGroup;
			children = (
				E8D69FF111DBBDEA1BA1BE07 /* OS X */,
			);
			name = Frameworks;
			sourceTree = "<group>";
		};
		63443DFFB65AF01AD8236BE8 /* Tests */ = {
			isa = PBXGroup;
			children = (
				BF7DEE43E5FF3C60D0FA7BA3 /* ImageCompressionCoreTests.swift */,
				28B09CF0BA1A18C1401E0E7D /* FinderXLinkingTests.swift */,
			);
			name = Tests;
			sourceTree = "<group>";
		};
		E8D69FF111DBBDEA1BA1BE07 /* OS X */ = {
			isa = PBXGroup;
			children = (
				175F0F6FC5F813BFFE81BAC5 /* Cocoa.framework */,
			);
			name = "OS X";
			sourceTree = "<group>";
		};
		F824C35F8D2A912346DE7064 /* Sources */ = {
			isa = PBXGroup;
			children = (
				425BAC8D9145C168F8B51403 /* ImageCompressionCore.swift */,
				9F8B1A063EE937218D89F76E /* FinderXLink.swift */,
				CABD70BB81AFDF009BAAF2A4 /* FinderXApp.swift */,
				BCA7CA4CDACD5AA9E1A5C3A3 /* FinderSync.swift */,
				1BCFB0B20FD6F52210DFEDCD /* main.swift */,
			);
			name = Sources;
			sourceTree = "<group>";
		};
/* End PBXGroup section */

/* Begin PBXHeadersBuildPhase section */
		873E6C2B018C6C3C81DACB01 /* Headers */ = {
			isa = PBXHeadersBuildPhase;
			buildActionMask = 2147483647;
			files = (
			);
			runOnlyForDeploymentPostprocessing = 0;
		};
		D05FBF306BE095B6D63D46BA /* Headers */ = {
			isa = PBXHeadersBuildPhase;
			buildActionMask = 2147483647;
			files = (
			);
			runOnlyForDeploymentPostprocessing = 0;
		};
/* End PBXHeadersBuildPhase section */

/* Begin PBXNativeTarget section */
		45212E9689DCCCE6033F57CC /* FinderXLinkingTests */ = {
			isa = PBXNativeTarget;
			buildConfigurationList = 1687E009DEE1CDBC9E0A540E /* Build configuration list for PBXNativeTarget "FinderXLinkingTests" */;
			buildPhases = (
				27A80AB4DA090971A84814C5 /* Sources */,
				0F77AAA70A7B41F02E7BF0BE /* Frameworks */,
				4719EAC132C02CBF9C75322A /* Resources */,
			);
			buildRules = (
			);
			dependencies = (
				FC2ACDA5934C43ADE0DEDC55 /* PBXTargetDependency */,
			);
			name = FinderXLinkingTests;
			productName = FinderXLinkingTests;
			productReference = B251F4407360BD87C2F17C80 /* FinderXLinkingTests.xctest */;
			productType = "com.apple.product-type.bundle.unit-test";
		};
		58BDC0C806EA1DC74C164383 /* ImageCompressionCoreTests */ = {
			isa = PBXNativeTarget;
			buildConfigurationList = EBB10538F53056272ADEF0B8 /* Build configuration list for PBXNativeTarget "ImageCompressionCoreTests" */;
			buildPhases = (
				336A26DB43B9811E5562AC3A /* Sources */,
				1CAE7D25621193DBF63E971E /* Frameworks */,
				DB843C430F11DDB162D7A08F /* Resources */,
			);
			buildRules = (
			);
			dependencies = (
				273F2278D4FD6EBB71368F40 /* PBXTargetDependency */,
			);
			name = ImageCompressionCoreTests;
			productName = ImageCompressionCoreTests;
			productReference = 0B48B6A95142B3FEF1543537 /* ImageCompressionCoreTests.xctest */;
			productType = "com.apple.product-type.bundle.unit-test";
		};
		66CC693F87B84E7CF7D93D6F /* FinderXFinderExtension */ = {
			isa = PBXNativeTarget;
			buildConfigurationList = 9CA0E8C530B8E58731DC0966 /* Build configuration list for PBXNativeTarget "FinderXFinderExtension" */;
			buildPhases = (
				2653F8209D33CDAF5F4C8B1C /* Sources */,
				2714D9D7849F840D1B49148A /* Frameworks */,
				2D2B90F85366BE29EC3B9FCF /* Resources */,
			);
			buildRules = (
			);
			dependencies = (
				CCB5B619C6D20BC6B452BD66 /* PBXTargetDependency */,
			);
			name = FinderXFinderExtension;
			productName = FinderXFinderExtension;
			productReference = 67CD49F50BFAFC47AD40981D /* FinderXFinderExtension.appex */;
			productType = "com.apple.product-type.app-extension";
		};
		69BF8BC27CDAD1E0967D6389 /* ImageCompressionCore */ = {
			isa = PBXNativeTarget;
			buildConfigurationList = 66FB32935E34A77CD13FE4DE /* Build configuration list for PBXNativeTarget "ImageCompressionCore" */;
			buildPhases = (
				873E6C2B018C6C3C81DACB01 /* Headers */,
				FDE85589DCC99AD4F20B102A /* Sources */,
				6BF0ADC60215A53A8079EF3E /* Frameworks */,
				DBCA10905573F4EC7A77EFF0 /* Resources */,
			);
			buildRules = (
			);
			dependencies = (
			);
			name = ImageCompressionCore;
			productName = ImageCompressionCore;
			productReference = 656CEE61B336E351BC44B49C /* ImageCompressionCore.framework */;
			productType = "com.apple.product-type.framework";
		};
		AF8A57509EFC25FAE7F5BFAF /* FinderXLinking */ = {
			isa = PBXNativeTarget;
			buildConfigurationList = 8AA8089735DD6FEE582111ED /* Build configuration list for PBXNativeTarget "FinderXLinking" */;
			buildPhases = (
				D05FBF306BE095B6D63D46BA /* Headers */,
				791D7318427D280C5DCA9A32 /* Sources */,
				F59E0BB4B34DD6539A2E02E5 /* Frameworks */,
				8B9BBA67E6E45C560119A2FD /* Resources */,
			);
			buildRules = (
			);
			dependencies = (
			);
			name = FinderXLinking;
			productName = FinderXLinking;
			productReference = 07FF58E637157A0E37197AA8 /* FinderXLinking.framework */;
			productType = "com.apple.product-type.framework";
		};
		CE91042F7818CFC6DD28EDD0 /* FinderX */ = {
			isa = PBXNativeTarget;
			buildConfigurationList = 186FCDED583920146E1109E9 /* Build configuration list for PBXNativeTarget "FinderX" */;
			buildPhases = (
				A5A60690816695E2404BB9E0 /* Sources */,
				2716362663F575ABA42F3997 /* Frameworks */,
				947C51DCC53A8588995B3D93 /* Resources */,
				567E57087FF529F45B751361 /* Embed Frameworks */,
				B3C370A74112C0E0450C8FC4 /* Embed Frameworks */,
				B6BDDBA765CCB34E4F0967D7 /* Embed App Extensions */,
			);
			buildRules = (
			);
			dependencies = (
				7A46BF45AE813A2ECEF32801 /* PBXTargetDependency */,
				8ABF446EA6D1319E02D61D32 /* PBXTargetDependency */,
				131DD4443AA86F8F04FCD629 /* PBXTargetDependency */,
			);
			name = FinderX;
			productName = FinderX;
			productReference = 4F85ADB31CB38FFA67000011 /* FinderX.app */;
			productType = "com.apple.product-type.application";
		};
		DC316A4C50172A83F9BC318A /* FinderXCompressCLI */ = {
			isa = PBXNativeTarget;
			buildConfigurationList = 79057631F054BFDF37CAC62D /* Build configuration list for PBXNativeTarget "FinderXCompressCLI" */;
			buildPhases = (
				FAFFE1F37499CAA66D3E9823 /* Sources */,
				936C08D902B30CAAB1EC550D /* Frameworks */,
				19FD6B7F3C3F2C813B6CF738 /* Embed Frameworks */,
			);
			buildRules = (
			);
			dependencies = (
				E41AEC47E8E824AEAF0069CF /* PBXTargetDependency */,
			);
			name = FinderXCompressCLI;
			productName = FinderXCompressCLI;
			productReference = 6A3378B5CB86D1640017AC2B /* FinderXCompressCLI */;
			productType = "com.apple.product-type.tool";
		};
/* End PBXNativeTarget section */

/* Begin PBXProject section */
		FBDBA12DC4B2ACF0F7959E64 /* Project object */ = {
			isa = PBXProject;
			attributes = {
				LastSwiftUpdateCheck = 1500;
				LastUpgradeCheck = 1500;
			};
			buildConfigurationList = 6144EB2704B37A6F0FC75AFA /* Build configuration list for PBXProject "FinderX" */;
			compatibilityVersion = "Xcode 3.2";
			developmentRegion = en;
			hasScannedForEncodings = 0;
			knownRegions = (
				en,
				Base,
			);
			mainGroup = 111E55690F870CDD3CD87A0E;
			productRefGroup = 3636D989E01CADB52057174F /* Products */;
			projectDirPath = "";
			projectRoot = "";
			targets = (
				69BF8BC27CDAD1E0967D6389 /* ImageCompressionCore */,
				AF8A57509EFC25FAE7F5BFAF /* FinderXLinking */,
				CE91042F7818CFC6DD28EDD0 /* FinderX */,
				66CC693F87B84E7CF7D93D6F /* FinderXFinderExtension */,
				DC316A4C50172A83F9BC318A /* FinderXCompressCLI */,
				58BDC0C806EA1DC74C164383 /* ImageCompressionCoreTests */,
				45212E9689DCCCE6033F57CC /* FinderXLinkingTests */,
			);
		};
/* End PBXProject section */

/* Begin PBXResourcesBuildPhase section */
		2D2B90F85366BE29EC3B9FCF /* Resources */ = {
			isa = PBXResourcesBuildPhase;
			buildActionMask = 2147483647;
			files = (
			);
			runOnlyForDeploymentPostprocessing = 0;
		};
		4719EAC132C02CBF9C75322A /* Resources */ = {
			isa = PBXResourcesBuildPhase;
			buildActionMask = 2147483647;
			files = (
			);
			runOnlyForDeploymentPostprocessing = 0;
		};
		8B9BBA67E6E45C560119A2FD /* Resources */ = {
			isa = PBXResourcesBuildPhase;
			buildActionMask = 2147483647;
			files = (
			);
			runOnlyForDeploymentPostprocessing = 0;
		};
		947C51DCC53A8588995B3D93 /* Resources */ = {
			isa = PBXResourcesBuildPhase;
			buildActionMask = 2147483647;
			files = (
				B426CB6363D7387CA7E78200 /* Assets.xcassets in Resources */,
			);
			runOnlyForDeploymentPostprocessing = 0;
		};
		DB843C430F11DDB162D7A08F /* Resources */ = {
			isa = PBXResourcesBuildPhase;
			buildActionMask = 2147483647;
			files = (
			);
			runOnlyForDeploymentPostprocessing = 0;
		};
		DBCA10905573F4EC7A77EFF0 /* Resources */ = {
			isa = PBXResourcesBuildPhase;
			buildActionMask = 2147483647;
			files = (
			);
			runOnlyForDeploymentPostprocessing = 0;
		};
/* End PBXResourcesBuildPhase section */

/* Begin PBXSourcesBuildPhase section */
		2653F8209D33CDAF5F4C8B1C /* Sources */ = {
			isa = PBXSourcesBuildPhase;
			buildActionMask = 2147483647;
			files = (
				C3001F3677B11E7B9F007109 /* FinderSync.swift in Sources */,
			);
			runOnlyForDeploymentPostprocessing = 0;
		};
		27A80AB4DA090971A84814C5 /* Sources */ = {
			isa = PBXSourcesBuildPhase;
			buildActionMask = 2147483647;
			files = (
				6F875287A21CFCFD59E36748 /* FinderXLinkingTests.swift in Sources */,
			);
			runOnlyForDeploymentPostprocessing = 0;
		};
		336A26DB43B9811E5562AC3A /* Sources */ = {
			isa = PBXSourcesBuildPhase;
			buildActionMask = 2147483647;
			files = (
				F37FC721140306D3D21C5396 /* ImageCompressionCoreTests.swift in Sources */,
			);
			runOnlyForDeploymentPostprocessing = 0;
		};
		791D7318427D280C5DCA9A32 /* Sources */ = {
			isa = PBXSourcesBuildPhase;
			buildActionMask = 2147483647;
			files = (
				BDD8A6BE5864848D66643109 /* FinderXLink.swift in Sources */,
			);
			runOnlyForDeploymentPostprocessing = 0;
		};
		A5A60690816695E2404BB9E0 /* Sources */ = {
			isa = PBXSourcesBuildPhase;
			buildActionMask = 2147483647;
			files = (
				AA03C1AA8C5C0CB2A279599B /* FinderXApp.swift in Sources */,
			);
			runOnlyForDeploymentPostprocessing = 0;
		};
		FAFFE1F37499CAA66D3E9823 /* Sources */ = {
			isa = PBXSourcesBuildPhase;
			buildActionMask = 2147483647;
			files = (
				53567C1FAF0B5F6009662DB6 /* main.swift in Sources */,
			);
			runOnlyForDeploymentPostprocessing = 0;
		};
		FDE85589DCC99AD4F20B102A /* Sources */ = {
			isa = PBXSourcesBuildPhase;
			buildActionMask = 2147483647;
			files = (
				DE1EBC0DE0E46EA34AD68A0D /* ImageCompressionCore.swift in Sources */,
			);
			runOnlyForDeploymentPostprocessing = 0;
		};
/* End PBXSourcesBuildPhase section */

/* Begin PBXTargetDependency section */
		131DD4443AA86F8F04FCD629 /* PBXTargetDependency */ = {
			isa = PBXTargetDependency;
			name = FinderXFinderExtension;
			target = 66CC693F87B84E7CF7D93D6F /* FinderXFinderExtension */;
			targetProxy = FF26E7B81E290DF7626890E9 /* PBXContainerItemProxy */;
		};
		273F2278D4FD6EBB71368F40 /* PBXTargetDependency */ = {
			isa = PBXTargetDependency;
			name = ImageCompressionCore;
			target = 69BF8BC27CDAD1E0967D6389 /* ImageCompressionCore */;
			targetProxy = B0BA578811817707877F3CB1 /* PBXContainerItemProxy */;
		};
		7A46BF45AE813A2ECEF32801 /* PBXTargetDependency */ = {
			isa = PBXTargetDependency;
			name = ImageCompressionCore;
			target = 69BF8BC27CDAD1E0967D6389 /* ImageCompressionCore */;
			targetProxy = 4161FB8D904B40C142D56E5C /* PBXContainerItemProxy */;
		};
		8ABF446EA6D1319E02D61D32 /* PBXTargetDependency */ = {
			isa = PBXTargetDependency;
			name = FinderXLinking;
			target = AF8A57509EFC25FAE7F5BFAF /* FinderXLinking */;
			targetProxy = 5945BD36F5B6C368D167C5EE /* PBXContainerItemProxy */;
		};
		CCB5B619C6D20BC6B452BD66 /* PBXTargetDependency */ = {
			isa = PBXTargetDependency;
			name = FinderXLinking;
			target = AF8A57509EFC25FAE7F5BFAF /* FinderXLinking */;
			targetProxy = 7F1AE5A2E5C2946EE34D6AD7 /* PBXContainerItemProxy */;
		};
		E41AEC47E8E824AEAF0069CF /* PBXTargetDependency */ = {
			isa = PBXTargetDependency;
			name = ImageCompressionCore;
			target = 69BF8BC27CDAD1E0967D6389 /* ImageCompressionCore */;
			targetProxy = 39A3D4457299E2A6962D48AD /* PBXContainerItemProxy */;
		};
		FC2ACDA5934C43ADE0DEDC55 /* PBXTargetDependency */ = {
			isa = PBXTargetDependency;
			name = FinderXLinking;
			target = AF8A57509EFC25FAE7F5BFAF /* FinderXLinking */;
			targetProxy = 6BC45910E3FE973C563716A3 /* PBXContainerItemProxy */;
		};
/* End PBXTargetDependency section */

/* Begin XCBuildConfiguration section */
		0C0C1F1579A0B6F6F5F98153 /* Release */ = {
			isa = XCBuildConfiguration;
			buildSettings = {
				ASSETCATALOG_COMPILER_APPICON_NAME = AppIcon;
				ASSETCATALOG_COMPILER_GLOBAL_ACCENT_COLOR_NAME = AccentColor;
				CLANG_ENABLE_MODULES = YES;
				CODE_SIGN_ENTITLEMENTS = FinderX/Resources/FinderX.entitlements;
				CODE_SIGN_STYLE = Automatic;
				COMBINE_HIDPI_IMAGES = YES;
				DEVELOPMENT_TEAM = "";
				ENABLE_USER_SCRIPT_SANDBOXING = NO;
				INFOPLIST_FILE = FinderX/Resources/Info.plist;
				LD_RUNPATH_SEARCH_PATHS = "$(inherited) @executable_path/../Frameworks";
				MACOSX_DEPLOYMENT_TARGET = 14.0;
				PRODUCT_BUNDLE_IDENTIFIER = dev.finderx.FinderX;
				SDKROOT = macosx;
				SWIFT_VERSION = 6.0;
			};
			name = Release;
		};
		125C18CABCCC3F13CD6ECE53 /* Debug */ = {
			isa = XCBuildConfiguration;
			buildSettings = {
				ALWAYS_SEARCH_USER_PATHS = NO;
				CLANG_ANALYZER_NONNULL = YES;
				CLANG_ANALYZER_NUMBER_OBJECT_CONVERSION = YES_AGGRESSIVE;
				CLANG_CXX_LANGUAGE_STANDARD = "gnu++14";
				CLANG_CXX_LIBRARY = "libc++";
				CLANG_ENABLE_MODULES = YES;
				CLANG_ENABLE_OBJC_ARC = YES;
				CLANG_ENABLE_OBJC_WEAK = YES;
				CLANG_WARN_BLOCK_CAPTURE_AUTORELEASING = YES;
				CLANG_WARN_BOOL_CONVERSION = YES;
				CLANG_WARN_COMMA = YES;
				CLANG_WARN_CONSTANT_CONVERSION = YES;
				CLANG_WARN_DEPRECATED_OBJC_IMPLEMENTATIONS = YES;
				CLANG_WARN_DIRECT_OBJC_ISA_USAGE = YES_ERROR;
				CLANG_WARN_DOCUMENTATION_COMMENTS = YES;
				CLANG_WARN_EMPTY_BODY = YES;
				CLANG_WARN_ENUM_CONVERSION = YES;
				CLANG_WARN_INFINITE_RECURSION = YES;
				CLANG_WARN_INT_CONVERSION = YES;
				CLANG_WARN_NON_LITERAL_NULL_CONVERSION = YES;
				CLANG_WARN_OBJC_IMPLICIT_RETAIN_SELF = YES;
				CLANG_WARN_OBJC_LITERAL_CONVERSION = YES;
				CLANG_WARN_OBJC_ROOT_CLASS = YES_ERROR;
				CLANG_WARN_QUOTED_INCLUDE_IN_FRAMEWORK_HEADER = YES;
				CLANG_WARN_RANGE_LOOP_ANALYSIS = YES;
				CLANG_WARN_STRICT_PROTOTYPES = YES;
				CLANG_WARN_SUSPICIOUS_MOVE = YES;
				CLANG_WARN_UNGUARDED_AVAILABILITY = YES_AGGRESSIVE;
				CLANG_WARN_UNREACHABLE_CODE = YES;
				CLANG_WARN__DUPLICATE_METHOD_MATCH = YES;
				COPY_PHASE_STRIP = NO;
				DEBUG_INFORMATION_FORMAT = dwarf;
				ENABLE_STRICT_OBJC_MSGSEND = YES;
				ENABLE_TESTABILITY = YES;
				GCC_C_LANGUAGE_STANDARD = gnu11;
				GCC_DYNAMIC_NO_PIC = NO;
				GCC_NO_COMMON_BLOCKS = YES;
				GCC_OPTIMIZATION_LEVEL = 0;
				GCC_PREPROCESSOR_DEFINITIONS = (
					"DEBUG=1",
					"$(inherited)",
				);
				GCC_WARN_64_TO_32_BIT_CONVERSION = YES;
				GCC_WARN_ABOUT_RETURN_TYPE = YES_ERROR;
				GCC_WARN_UNDECLARED_SELECTOR = YES;
				GCC_WARN_UNINITIALIZED_AUTOS = YES_AGGRESSIVE;
				GCC_WARN_UNUSED_FUNCTION = YES;
				GCC_WARN_UNUSED_VARIABLE = YES;
				MTL_ENABLE_DEBUG_INFO = INCLUDE_SOURCE;
				MTL_FAST_MATH = YES;
				ONLY_ACTIVE_ARCH = YES;
				PRODUCT_NAME = "$(TARGET_NAME)";
				SWIFT_ACTIVE_COMPILATION_CONDITIONS = DEBUG;
				SWIFT_OPTIMIZATION_LEVEL = "-Onone";
				SWIFT_VERSION = 5.0;
			};
			name = Debug;
		};
		139CE39C8D245B3BCF5C79C6 /* Debug */ = {
			isa = XCBuildConfiguration;
			buildSettings = {
				CLANG_ENABLE_MODULES = YES;
				CODE_SIGN_STYLE = Automatic;
				DEVELOPMENT_TEAM = "";
				ENABLE_USER_SCRIPT_SANDBOXING = NO;
				GENERATE_INFOPLIST_FILE = YES;
				LD_RUNPATH_SEARCH_PATHS = "$(inherited) @loader_path/Frameworks @loader_path/../Frameworks";
				MACOSX_DEPLOYMENT_TARGET = 14.0;
				PRODUCT_BUNDLE_IDENTIFIER = dev.finderx.ImageCompressionCoreTests;
				SDKROOT = macosx;
				SWIFT_VERSION = 6.0;
			};
			name = Debug;
		};
		139F9811CA5157B043E50114 /* Release */ = {
			isa = XCBuildConfiguration;
			buildSettings = {
				APPLICATION_EXTENSION_API_ONLY = YES;
				CLANG_ENABLE_MODULES = YES;
				CODE_SIGN_ENTITLEMENTS = FinderXFinderExtension/Resources/FinderXFinderExtension.entitlements;
				CODE_SIGN_STYLE = Automatic;
				DEVELOPMENT_TEAM = "";
				ENABLE_USER_SCRIPT_SANDBOXING = NO;
				INFOPLIST_FILE = FinderXFinderExtension/Resources/Info.plist;
				LD_RUNPATH_SEARCH_PATHS = "$(inherited) @executable_path/../Frameworks @executable_path/../../../../Frameworks";
				MACOSX_DEPLOYMENT_TARGET = 14.0;
				PRODUCT_BUNDLE_IDENTIFIER = dev.finderx.FinderX.FinderExtension;
				SDKROOT = macosx;
				SWIFT_VERSION = 6.0;
			};
			name = Release;
		};
		3FB3520CDF0883A2580B21CE /* Debug */ = {
			isa = XCBuildConfiguration;
			buildSettings = {
				CLANG_ENABLE_MODULES = YES;
				CODE_SIGN_STYLE = Automatic;
				COMBINE_HIDPI_IMAGES = YES;
				CURRENT_PROJECT_VERSION = 1;
				DEFINES_MODULE = YES;
				DEVELOPMENT_TEAM = "";
				DYLIB_COMPATIBILITY_VERSION = 1;
				DYLIB_CURRENT_VERSION = 1;
				DYLIB_INSTALL_NAME_BASE = "@rpath";
				ENABLE_USER_SCRIPT_SANDBOXING = NO;
				GENERATE_INFOPLIST_FILE = YES;
				INSTALL_PATH = "$(LOCAL_LIBRARY_DIR)/Frameworks";
				LD_RUNPATH_SEARCH_PATHS = "$(inherited) @executable_path/../Frameworks @loader_path/Frameworks";
				MACOSX_DEPLOYMENT_TARGET = 14.0;
				MARKETING_VERSION = 0.1.0;
				PRODUCT_BUNDLE_IDENTIFIER = dev.finderx.FinderXLinking;
				PRODUCT_NAME = "$(TARGET_NAME:c99extidentifier)";
				SDKROOT = macosx;
				SKIP_INSTALL = YES;
				SWIFT_VERSION = 6.0;
				VERSIONING_SYSTEM = "apple-generic";
				VERSION_INFO_PREFIX = "";
			};
			name = Debug;
		};
		63C54D5E19A882B99D24247E /* Release */ = {
			isa = XCBuildConfiguration;
			buildSettings = {
				CLANG_ENABLE_MODULES = YES;
				CODE_SIGN_STYLE = Automatic;
				COMBINE_HIDPI_IMAGES = YES;
				CURRENT_PROJECT_VERSION = 1;
				DEFINES_MODULE = YES;
				DEVELOPMENT_TEAM = "";
				DYLIB_COMPATIBILITY_VERSION = 1;
				DYLIB_CURRENT_VERSION = 1;
				DYLIB_INSTALL_NAME_BASE = "@rpath";
				ENABLE_USER_SCRIPT_SANDBOXING = NO;
				GENERATE_INFOPLIST_FILE = YES;
				INSTALL_PATH = "$(LOCAL_LIBRARY_DIR)/Frameworks";
				LD_RUNPATH_SEARCH_PATHS = "$(inherited) @executable_path/../Frameworks @loader_path/Frameworks";
				MACOSX_DEPLOYMENT_TARGET = 14.0;
				MARKETING_VERSION = 0.1.0;
				PRODUCT_BUNDLE_IDENTIFIER = dev.finderx.ImageCompressionCore;
				PRODUCT_NAME = "$(TARGET_NAME:c99extidentifier)";
				SDKROOT = macosx;
				SKIP_INSTALL = YES;
				SWIFT_VERSION = 6.0;
				VERSIONING_SYSTEM = "apple-generic";
				VERSION_INFO_PREFIX = "";
			};
			name = Release;
		};
		6524E10C6DD5515BF0432869 /* Debug */ = {
			isa = XCBuildConfiguration;
			buildSettings = {
				CLANG_ENABLE_MODULES = YES;
				CODE_SIGN_STYLE = Automatic;
				DEVELOPMENT_TEAM = "";
				ENABLE_USER_SCRIPT_SANDBOXING = NO;
				GENERATE_INFOPLIST_FILE = YES;
				LD_RUNPATH_SEARCH_PATHS = "$(inherited) @loader_path/Frameworks @loader_path/../Frameworks";
				MACOSX_DEPLOYMENT_TARGET = 14.0;
				PRODUCT_BUNDLE_IDENTIFIER = dev.finderx.FinderXLinkingTests;
				SDKROOT = macosx;
				SWIFT_VERSION = 6.0;
			};
			name = Debug;
		};
		6E4DED2116261309B2ED2108 /* Debug */ = {
			isa = XCBuildConfiguration;
			buildSettings = {
				CLANG_ENABLE_MODULES = YES;
				CODE_SIGN_STYLE = Automatic;
				COMBINE_HIDPI_IMAGES = YES;
				CURRENT_PROJECT_VERSION = 1;
				DEFINES_MODULE = YES;
				DEVELOPMENT_TEAM = "";
				DYLIB_COMPATIBILITY_VERSION = 1;
				DYLIB_CURRENT_VERSION = 1;
				DYLIB_INSTALL_NAME_BASE = "@rpath";
				ENABLE_USER_SCRIPT_SANDBOXING = NO;
				GENERATE_INFOPLIST_FILE = YES;
				INSTALL_PATH = "$(LOCAL_LIBRARY_DIR)/Frameworks";
				LD_RUNPATH_SEARCH_PATHS = "$(inherited) @executable_path/../Frameworks @loader_path/Frameworks";
				MACOSX_DEPLOYMENT_TARGET = 14.0;
				MARKETING_VERSION = 0.1.0;
				PRODUCT_BUNDLE_IDENTIFIER = dev.finderx.ImageCompressionCore;
				PRODUCT_NAME = "$(TARGET_NAME:c99extidentifier)";
				SDKROOT = macosx;
				SKIP_INSTALL = YES;
				SWIFT_VERSION = 6.0;
				VERSIONING_SYSTEM = "apple-generic";
				VERSION_INFO_PREFIX = "";
			};
			name = Debug;
		};
		73BD84CCF97AA9E0D04CA636 /* Debug */ = {
			isa = XCBuildConfiguration;
			buildSettings = {
				CLANG_ENABLE_MODULES = YES;
				CODE_SIGN_STYLE = Automatic;
				DEVELOPMENT_TEAM = "";
				ENABLE_USER_SCRIPT_SANDBOXING = NO;
				LD_RUNPATH_SEARCH_PATHS = "$(inherited) @executable_path/../Frameworks @executable_path";
				MACOSX_DEPLOYMENT_TARGET = 14.0;
				PRODUCT_BUNDLE_IDENTIFIER = dev.finderx.FinderXCompressCLI;
				PRODUCT_NAME = "finderx-compress";
				SDKROOT = macosx;
				SWIFT_VERSION = 6.0;
			};
			name = Debug;
		};
		891AADC895A6F09A8CDE71D5 /* Debug */ = {
			isa = XCBuildConfiguration;
			buildSettings = {
				APPLICATION_EXTENSION_API_ONLY = YES;
				CLANG_ENABLE_MODULES = YES;
				CODE_SIGN_ENTITLEMENTS = FinderXFinderExtension/Resources/FinderXFinderExtension.entitlements;
				CODE_SIGN_STYLE = Automatic;
				DEVELOPMENT_TEAM = "";
				ENABLE_USER_SCRIPT_SANDBOXING = NO;
				INFOPLIST_FILE = FinderXFinderExtension/Resources/Info.plist;
				LD_RUNPATH_SEARCH_PATHS = "$(inherited) @executable_path/../Frameworks @executable_path/../../../../Frameworks";
				MACOSX_DEPLOYMENT_TARGET = 14.0;
				PRODUCT_BUNDLE_IDENTIFIER = dev.finderx.FinderX.FinderExtension;
				SDKROOT = macosx;
				SWIFT_VERSION = 6.0;
			};
			name = Debug;
		};
		909D7A4C26D2C90194F6870B /* Release */ = {
			isa = XCBuildConfiguration;
			buildSettings = {
				CLANG_ENABLE_MODULES = YES;
				CODE_SIGN_STYLE = Automatic;
				DEVELOPMENT_TEAM = "";
				ENABLE_USER_SCRIPT_SANDBOXING = NO;
				GENERATE_INFOPLIST_FILE = YES;
				LD_RUNPATH_SEARCH_PATHS = "$(inherited) @loader_path/Frameworks @loader_path/../Frameworks";
				MACOSX_DEPLOYMENT_TARGET = 14.0;
				PRODUCT_BUNDLE_IDENTIFIER = dev.finderx.ImageCompressionCoreTests;
				SDKROOT = macosx;
				SWIFT_VERSION = 6.0;
			};
			name = Release;
		};
		A526A2BA3B785A16DFF71CA7 /* Release */ = {
			isa = XCBuildConfiguration;
			buildSettings = {
				CLANG_ENABLE_MODULES = YES;
				CODE_SIGN_STYLE = Automatic;
				DEVELOPMENT_TEAM = "";
				ENABLE_USER_SCRIPT_SANDBOXING = NO;
				LD_RUNPATH_SEARCH_PATHS = "$(inherited) @executable_path/../Frameworks @executable_path";
				MACOSX_DEPLOYMENT_TARGET = 14.0;
				PRODUCT_BUNDLE_IDENTIFIER = dev.finderx.FinderXCompressCLI;
				PRODUCT_NAME = "finderx-compress";
				SDKROOT = macosx;
				SWIFT_VERSION = 6.0;
			};
			name = Release;
		};
		B21F973A7286BD3321B991AD /* Release */ = {
			isa = XCBuildConfiguration;
			buildSettings = {
				CLANG_ENABLE_MODULES = YES;
				CODE_SIGN_STYLE = Automatic;
				DEVELOPMENT_TEAM = "";
				ENABLE_USER_SCRIPT_SANDBOXING = NO;
				GENERATE_INFOPLIST_FILE = YES;
				LD_RUNPATH_SEARCH_PATHS = "$(inherited) @loader_path/Frameworks @loader_path/../Frameworks";
				MACOSX_DEPLOYMENT_TARGET = 14.0;
				PRODUCT_BUNDLE_IDENTIFIER = dev.finderx.FinderXLinkingTests;
				SDKROOT = macosx;
				SWIFT_VERSION = 6.0;
			};
			name = Release;
		};
		F2E743652FF5212D76AFAB25 /* Release */ = {
			isa = XCBuildConfiguration;
			buildSettings = {
				CLANG_ENABLE_MODULES = YES;
				CODE_SIGN_STYLE = Automatic;
				COMBINE_HIDPI_IMAGES = YES;
				CURRENT_PROJECT_VERSION = 1;
				DEFINES_MODULE = YES;
				DEVELOPMENT_TEAM = "";
				DYLIB_COMPATIBILITY_VERSION = 1;
				DYLIB_CURRENT_VERSION = 1;
				DYLIB_INSTALL_NAME_BASE = "@rpath";
				ENABLE_USER_SCRIPT_SANDBOXING = NO;
				GENERATE_INFOPLIST_FILE = YES;
				INSTALL_PATH = "$(LOCAL_LIBRARY_DIR)/Frameworks";
				LD_RUNPATH_SEARCH_PATHS = "$(inherited) @executable_path/../Frameworks @loader_path/Frameworks";
				MACOSX_DEPLOYMENT_TARGET = 14.0;
				MARKETING_VERSION = 0.1.0;
				PRODUCT_BUNDLE_IDENTIFIER = dev.finderx.FinderXLinking;
				PRODUCT_NAME = "$(TARGET_NAME:c99extidentifier)";
				SDKROOT = macosx;
				SKIP_INSTALL = YES;
				SWIFT_VERSION = 6.0;
				VERSIONING_SYSTEM = "apple-generic";
				VERSION_INFO_PREFIX = "";
			};
			name = Release;
		};
		F771BBCD0632C31C9479D415 /* Debug */ = {
			isa = XCBuildConfiguration;
			buildSettings = {
				ASSETCATALOG_COMPILER_APPICON_NAME = AppIcon;
				ASSETCATALOG_COMPILER_GLOBAL_ACCENT_COLOR_NAME = AccentColor;
				CLANG_ENABLE_MODULES = YES;
				CODE_SIGN_ENTITLEMENTS = FinderX/Resources/FinderX.entitlements;
				CODE_SIGN_STYLE = Automatic;
				COMBINE_HIDPI_IMAGES = YES;
				DEVELOPMENT_TEAM = "";
				ENABLE_USER_SCRIPT_SANDBOXING = NO;
				INFOPLIST_FILE = FinderX/Resources/Info.plist;
				LD_RUNPATH_SEARCH_PATHS = "$(inherited) @executable_path/../Frameworks";
				MACOSX_DEPLOYMENT_TARGET = 14.0;
				PRODUCT_BUNDLE_IDENTIFIER = dev.finderx.FinderX;
				SDKROOT = macosx;
				SWIFT_VERSION = 6.0;
			};
			name = Debug;
		};
		FBCAAA83E7ADF83E4DC7DF4A /* Release */ = {
			isa = XCBuildConfiguration;
			buildSettings = {
				ALWAYS_SEARCH_USER_PATHS = NO;
				CLANG_ANALYZER_NONNULL = YES;
				CLANG_ANALYZER_NUMBER_OBJECT_CONVERSION = YES_AGGRESSIVE;
				CLANG_CXX_LANGUAGE_STANDARD = "gnu++14";
				CLANG_CXX_LIBRARY = "libc++";
				CLANG_ENABLE_MODULES = YES;
				CLANG_ENABLE_OBJC_ARC = YES;
				CLANG_ENABLE_OBJC_WEAK = YES;
				CLANG_WARN_BLOCK_CAPTURE_AUTORELEASING = YES;
				CLANG_WARN_BOOL_CONVERSION = YES;
				CLANG_WARN_COMMA = YES;
				CLANG_WARN_CONSTANT_CONVERSION = YES;
				CLANG_WARN_DEPRECATED_OBJC_IMPLEMENTATIONS = YES;
				CLANG_WARN_DIRECT_OBJC_ISA_USAGE = YES_ERROR;
				CLANG_WARN_DOCUMENTATION_COMMENTS = YES;
				CLANG_WARN_EMPTY_BODY = YES;
				CLANG_WARN_ENUM_CONVERSION = YES;
				CLANG_WARN_INFINITE_RECURSION = YES;
				CLANG_WARN_INT_CONVERSION = YES;
				CLANG_WARN_NON_LITERAL_NULL_CONVERSION = YES;
				CLANG_WARN_OBJC_IMPLICIT_RETAIN_SELF = YES;
				CLANG_WARN_OBJC_LITERAL_CONVERSION = YES;
				CLANG_WARN_OBJC_ROOT_CLASS = YES_ERROR;
				CLANG_WARN_QUOTED_INCLUDE_IN_FRAMEWORK_HEADER = YES;
				CLANG_WARN_RANGE_LOOP_ANALYSIS = YES;
				CLANG_WARN_STRICT_PROTOTYPES = YES;
				CLANG_WARN_SUSPICIOUS_MOVE = YES;
				CLANG_WARN_UNGUARDED_AVAILABILITY = YES_AGGRESSIVE;
				CLANG_WARN_UNREACHABLE_CODE = YES;
				CLANG_WARN__DUPLICATE_METHOD_MATCH = YES;
				COPY_PHASE_STRIP = NO;
				DEBUG_INFORMATION_FORMAT = "dwarf-with-dsym";
				ENABLE_NS_ASSERTIONS = NO;
				ENABLE_STRICT_OBJC_MSGSEND = YES;
				GCC_C_LANGUAGE_STANDARD = gnu11;
				GCC_NO_COMMON_BLOCKS = YES;
				GCC_WARN_64_TO_32_BIT_CONVERSION = YES;
				GCC_WARN_ABOUT_RETURN_TYPE = YES_ERROR;
				GCC_WARN_UNDECLARED_SELECTOR = YES;
				GCC_WARN_UNINITIALIZED_AUTOS = YES_AGGRESSIVE;
				GCC_WARN_UNUSED_FUNCTION = YES;
				GCC_WARN_UNUSED_VARIABLE = YES;
				MTL_ENABLE_DEBUG_INFO = NO;
				MTL_FAST_MATH = YES;
				PRODUCT_NAME = "$(TARGET_NAME)";
				SWIFT_COMPILATION_MODE = wholemodule;
				SWIFT_OPTIMIZATION_LEVEL = "-O";
				SWIFT_VERSION = 5.0;
			};
			name = Release;
		};
/* End XCBuildConfiguration section */

/* Begin XCConfigurationList section */
		1687E009DEE1CDBC9E0A540E /* Build configuration list for PBXNativeTarget "FinderXLinkingTests" */ = {
			isa = XCConfigurationList;
			buildConfigurations = (
				B21F973A7286BD3321B991AD /* Release */,
				6524E10C6DD5515BF0432869 /* Debug */,
			);
			defaultConfigurationIsVisible = 0;
			defaultConfigurationName = Release;
		};
		186FCDED583920146E1109E9 /* Build configuration list for PBXNativeTarget "FinderX" */ = {
			isa = XCConfigurationList;
			buildConfigurations = (
				0C0C1F1579A0B6F6F5F98153 /* Release */,
				F771BBCD0632C31C9479D415 /* Debug */,
			);
			defaultConfigurationIsVisible = 0;
			defaultConfigurationName = Release;
		};
		6144EB2704B37A6F0FC75AFA /* Build configuration list for PBXProject "FinderX" */ = {
			isa = XCConfigurationList;
			buildConfigurations = (
				125C18CABCCC3F13CD6ECE53 /* Debug */,
				FBCAAA83E7ADF83E4DC7DF4A /* Release */,
			);
			defaultConfigurationIsVisible = 0;
			defaultConfigurationName = Release;
		};
		66FB32935E34A77CD13FE4DE /* Build configuration list for PBXNativeTarget "ImageCompressionCore" */ = {
			isa = XCConfigurationList;
			buildConfigurations = (
				63C54D5E19A882B99D24247E /* Release */,
				6E4DED2116261309B2ED2108 /* Debug */,
			);
			defaultConfigurationIsVisible = 0;
			defaultConfigurationName = Release;
		};
		79057631F054BFDF37CAC62D /* Build configuration list for PBXNativeTarget "FinderXCompressCLI" */ = {
			isa = XCConfigurationList;
			buildConfigurations = (
				A526A2BA3B785A16DFF71CA7 /* Release */,
				73BD84CCF97AA9E0D04CA636 /* Debug */,
			);
			defaultConfigurationIsVisible = 0;
			defaultConfigurationName = Release;
		};
		8AA8089735DD6FEE582111ED /* Build configuration list for PBXNativeTarget "FinderXLinking" */ = {
			isa = XCConfigurationList;
			buildConfigurations = (
				F2E743652FF5212D76AFAB25 /* Release */,
				3FB3520CDF0883A2580B21CE /* Debug */,
			);
			defaultConfigurationIsVisible = 0;
			defaultConfigurationName = Release;
		};
		9CA0E8C530B8E58731DC0966 /* Build configuration list for PBXNativeTarget "FinderXFinderExtension" */ = {
			isa = XCConfigurationList;
			buildConfigurations = (
				139F9811CA5157B043E50114 /* Release */,
				891AADC895A6F09A8CDE71D5 /* Debug */,
			);
			defaultConfigurationIsVisible = 0;
			defaultConfigurationName = Release;
		};
		EBB10538F53056272ADEF0B8 /* Build configuration list for PBXNativeTarget "ImageCompressionCoreTests" */ = {
			isa = XCConfigurationList;
			buildConfigurations = (
				909D7A4C26D2C90194F6870B /* Release */,
				139CE39C8D245B3BCF5C79C6 /* Debug */,
			);
			defaultConfigurationIsVisible = 0;
			defaultConfigurationName = Release;
		};
/* End XCConfigurationList section */
	};
	rootObject = FBDBA12DC4B2ACF0F7959E64 /* Project object */;
}
