// !$*UTF8*$!
{
	archiveVersion = 1;
	classes = {
	};
	objectVersion = 46;
	objects = {

/* Begin PBXBuildFile section */
		0E044C77F585E517960F9A85 /* FinderXLinking.framework in Embed Frameworks */ = {isa = PBXBuildFile; fileRef = A34853AC3896B843361C0E37 /* FinderXLinking.framework */; settings = {ATTRIBUTES = (CodeSignOnCopy, RemoveHeadersOnCopy, ); }; };
		1563EC3095F7EBEFAAED8D31 /* FinderXLink.swift in Sources */ = {isa = PBXBuildFile; fileRef = 00C518F10DC7F0C247728F2B /* FinderXLink.swift */; };
		2382BE67A2AF01A75548BC99 /* XMindPreviewCore.swift in Sources */ = {isa = PBXBuildFile; fileRef = B879CDC3E1D1A8A971403C29 /* XMindPreviewCore.swift */; };
		3BCDE6F6EE39751BC4E7C93F /* ThumbnailProvider.swift in Sources */ = {isa = PBXBuildFile; fileRef = 53062945EA945D5A5CBA3983 /* ThumbnailProvider.swift */; };
		3BFEAB70F2047834BA000C36 /* Cocoa.framework in Frameworks */ = {isa = PBXBuildFile; fileRef = 135BA5543D21D8E00CC8F392 /* Cocoa.framework */; };
		460BE89E5E72CA241FB2152D /* FinderXLinking.framework in Frameworks */ = {isa = PBXBuildFile; fileRef = A34853AC3896B843361C0E37 /* FinderXLinking.framework */; };
		46B3CF07743FA1EADFC15759 /* Cocoa.framework in Frameworks */ = {isa = PBXBuildFile; fileRef = 135BA5543D21D8E00CC8F392 /* Cocoa.framework */; };
		498762CFA6C567E81D8721E1 /* Cocoa.framework in Frameworks */ = {isa = PBXBuildFile; fileRef = 135BA5543D21D8E00CC8F392 /* Cocoa.framework */; };
		51BDD49FDE1F1D2CCDCCEB8B /* Cocoa.framework in Frameworks */ = {isa = PBXBuildFile; fileRef = 135BA5543D21D8E00CC8F392 /* Cocoa.framework */; };
		557FAD92B0A8F2C65F1CCC01 /* ImageCompressionCore.framework in Embed Frameworks */ = {isa = PBXBuildFile; fileRef = C5B6947BE42D0A4DC4CCC8F1 /* ImageCompressionCore.framework */; settings = {ATTRIBUTES = (CodeSignOnCopy, RemoveHeadersOnCopy, ); }; };
		645A2B14E2AB28CAED93666C /* ImageCompressionCore.framework in Frameworks */ = {isa = PBXBuildFile; fileRef = C5B6947BE42D0A4DC4CCC8F1 /* ImageCompressionCore.framework */; };
		75EB7B061CB3E3BADDB26636 /* XMindPreviewCore.framework in Frameworks */ = {isa = PBXBuildFile; fileRef = 712AF7B39C1E0994C84D902E /* XMindPreviewCore.framework */; };
		7B0D4460956D80FC2F4A0713 /* FinderXApp.swift in Sources */ = {isa = PBXBuildFile; fileRef = 21CD6512995E74C4AB1BA0E6 /* FinderXApp.swift */; };
		7EC982A60E5B507C6383876A /* ImageCompressionCore.framework in Frameworks */ = {isa = PBXBuildFile; fileRef = C5B6947BE42D0A4DC4CCC8F1 /* ImageCompressionCore.framework */; };
		837EB36D4301D58FD3D11854 /* XMindPreviewCore.framework in Frameworks */ = {isa = PBXBuildFile; fileRef = 712AF7B39C1E0994C84D902E /* XMindPreviewCore.framework */; };
		83BCFD81E1791950E9463419 /* Cocoa.framework in Frameworks */ = {isa = PBXBuildFile; fileRef = 135BA5543D21D8E00CC8F392 /* Cocoa.framework */; };
		907AF0CF4A596A1C5195A072 /* Cocoa.framework in Frameworks */ = {isa = PBXBuildFile; fileRef = 135BA5543D21D8E00CC8F392 /* Cocoa.framework */; };
		9C044B36CA3447C4C9D098F2 /* Assets.xcassets in Resources */ = {isa = PBXBuildFile; fileRef = ADA0947AAB3D5B4B707B37CC /* Assets.xcassets */; };
		A144E5AFBD7CAB5799D37B82 /* FinderXLinking.framework in Frameworks */ = {isa = PBXBuildFile; fileRef = A34853AC3896B843361C0E37 /* FinderXLinking.framework */; };
		A1A24001A8F271884CA24FAC /* FinderXXMindThumbnailExtension.appex in Embed App Extensions */ = {isa = PBXBuildFile; fileRef = 6EC3A5FBB8F0553F6CAA417C /* FinderXXMindThumbnailExtension.appex */; settings = {ATTRIBUTES = (RemoveHeadersOnCopy, ); }; };
		A84D646B45F33609C5108B7E /* ImageCompressionCore.swift in Sources */ = {isa = PBXBuildFile; fileRef = 37447D84F804CA22681D932A /* ImageCompressionCore.swift */; };
		AACEA9242CFB2F7D485A0293 /* FinderXFinderExtension.appex in Embed App Extensions */ = {isa = PBXBuildFile; fileRef = C853F9317A762EE52B48B77E /* FinderXFinderExtension.appex */; settings = {ATTRIBUTES = (RemoveHeadersOnCopy, ); }; };
		AE8468A62EF6C819EB5AE363 /* Cocoa.framework in Frameworks */ = {isa = PBXBuildFile; fileRef = 135BA5543D21D8E00CC8F392 /* Cocoa.framework */; };
		B058B716D2BA30CBE40E5895 /* XMindPreviewCoreTests.swift in Sources */ = {isa = PBXBuildFile; fileRef = 2A36DB291F681776BBC09C96 /* XMindPreviewCoreTests.swift */; };
		B2BBC2DC106E29DB95C3C3B5 /* XMindPreviewCore.framework in Frameworks */ = {isa = PBXBuildFile; fileRef = 712AF7B39C1E0994C84D902E /* XMindPreviewCore.framework */; };
		B36653F1E3739F238D0D8511 /* PreviewProvider.swift in Sources */ = {isa = PBXBuildFile; fileRef = BD5E079BDA50E85881AA3BC6 /* PreviewProvider.swift */; };
		BB7654BD8F07A222C9212B83 /* FinderSync.swift in Sources */ = {isa = PBXBuildFile; fileRef = 4E8636A7EF0E3549001A495E /* FinderSync.swift */; };
		BC8447C96F78E5708EF62A1B /* main.swift in Sources */ = {isa = PBXBuildFile; fileRef = C577DB019037989718ABB06E /* main.swift */; };
		C2E95CCD989857C79DCFBD37 /* FinderXLinking.framework in Frameworks */ = {isa = PBXBuildFile; fileRef = A34853AC3896B843361C0E37 /* FinderXLinking.framework */; };
		C3418C462F7C6460F988A7DE /* ImageCompressionCore.framework in Embed Frameworks */ = {isa = PBXBuildFile; fileRef = C5B6947BE42D0A4DC4CCC8F1 /* ImageCompressionCore.framework */; settings = {ATTRIBUTES = (CodeSignOnCopy, RemoveHeadersOnCopy, ); }; };
		CE6C5001A1DB480108B21986 /* FinderXLinkingTests.swift in Sources */ = {isa = PBXBuildFile; fileRef = 72E7FABC5BB2B2E24A7531BF /* FinderXLinkingTests.swift */; };
		D2B97D08451E5ACCF399CED7 /* ImageCompressionCoreTests.swift in Sources */ = {isa = PBXBuildFile; fileRef = D496491C6DD8FD69BDEDAFF2 /* ImageCompressionCoreTests.swift */; };
		D46F32C3E6F81EBDC8C1DF07 /* XMindPreviewCore.framework in Frameworks */ = {isa = PBXBuildFile; fileRef = 712AF7B39C1E0994C84D902E /* XMindPreviewCore.framework */; };
		D92913AFF13363665A250C26 /* ImageCompressionCore.framework in Frameworks */ = {isa = PBXBuildFile; fileRef = C5B6947BE42D0A4DC4CCC8F1 /* ImageCompressionCore.framework */; };
		DD8F9C29941429C648813E6B /* Cocoa.framework in Frameworks */ = {isa = PBXBuildFile; fileRef = 135BA5543D21D8E00CC8F392 /* Cocoa.framework */; };
		DDA7C211FB13F158A2A53661 /* Cocoa.framework in Frameworks */ = {isa = PBXBuildFile; fileRef = 135BA5543D21D8E00CC8F392 /* Cocoa.framework */; };
		E3B21F22EA31C5A79022A335 /* Cocoa.framework in Frameworks */ = {isa = PBXBuildFile; fileRef = 135BA5543D21D8E00CC8F392 /* Cocoa.framework */; };
		E7B74027FD7B651FC75705CA /* XMindPreviewCore.framework in Embed Frameworks */ = {isa = PBXBuildFile; fileRef = 712AF7B39C1E0994C84D902E /* XMindPreviewCore.framework */; settings = {ATTRIBUTES = (CodeSignOnCopy, RemoveHeadersOnCopy, ); }; };
		F664240D203125E1ADD8F721 /* FinderXXMindPreviewExtension.appex in Embed App Extensions */ = {isa = PBXBuildFile; fileRef = 374D8703E2E5FAD85ED34887 /* FinderXXMindPreviewExtension.appex */; settings = {ATTRIBUTES = (RemoveHeadersOnCopy, ); }; };
		FD0BB2789BAF4B5D59A06EC4 /* Cocoa.framework in Frameworks */ = {isa = PBXBuildFile; fileRef = 135BA5543D21D8E00CC8F392 /* Cocoa.framework */; };
/* End PBXBuildFile section */

/* Begin PBXContainerItemProxy section */
		0209ED260543587C58E8C0E4 /* PBXContainerItemProxy */ = {
			isa = PBXContainerItemProxy;
			containerPortal = 7905D6BFF6B4397A426334A8 /* Project object */;
			proxyType = 1;
			remoteGlobalIDString = 69096EAC3FC145C35E19D4B5;
			remoteInfo = XMindPreviewCore;
		};
		1842AC5192E25247D76FEE97 /* PBXContainerItemProxy */ = {
			isa = PBXContainerItemProxy;
			containerPortal = 7905D6BFF6B4397A426334A8 /* Project object */;
			proxyType = 1;
			remoteGlobalIDString = 1E4ABDEEC79AECF2BDD70E9C;
			remoteInfo = ImageCompressionCore;
		};
		344179A56AA5AEDCA97136D8 /* PBXContainerItemProxy */ = {
			isa = PBXContainerItemProxy;
			containerPortal = 7905D6BFF6B4397A426334A8 /* Project object */;
			proxyType = 1;
			remoteGlobalIDString = 90CC79DF8D70567C11368ADE;
			remoteInfo = FinderXFinderExtension;
		};
		3FDDC3AA9C99C34C05DAC59E /* PBXContainerItemProxy */ = {
			isa = PBXContainerItemProxy;
			containerPortal = 7905D6BFF6B4397A426334A8 /* Project object */;
			proxyType = 1;
			remoteGlobalIDString = 69096EAC3FC145C35E19D4B5;
			remoteInfo = XMindPreviewCore;
		};
		49D543AD567FF60E534F6346 /* PBXContainerItemProxy */ = {
			isa = PBXContainerItemProxy;
			containerPortal = 7905D6BFF6B4397A426334A8 /* Project object */;
			proxyType = 1;
			remoteGlobalIDString = F04BEAA080AE1D7A15C61D49;
			remoteInfo = FinderXXMindThumbnailExtension;
		};
		57FBEF5857F9374F3B9FFF12 /* PBXContainerItemProxy */ = {
			isa = PBXContainerItemProxy;
			containerPortal = 7905D6BFF6B4397A426334A8 /* Project object */;
			proxyType = 1;
			remoteGlobalIDString = 1E4ABDEEC79AECF2BDD70E9C;
			remoteInfo = ImageCompressionCore;
		};
		59C633D18276CFF9B312E836 /* PBXContainerItemProxy */ = {
			isa = PBXContainerItemProxy;
			containerPortal = 7905D6BFF6B4397A426334A8 /* Project object */;
			proxyType = 1;
			remoteGlobalIDString = 69096EAC3FC145C35E19D4B5;
			remoteInfo = XMindPreviewCore;
		};
		905C2C7A34565C1D05CE4B1D /* PBXContainerItemProxy */ = {
			isa = PBXContainerItemProxy;
			containerPortal = 7905D6BFF6B4397A426334A8 /* Project object */;
			proxyType = 1;
			remoteGlobalIDString = B7A461DCB8390340F5F7F4EA;
			remoteInfo = FinderXLinking;
		};
		965090181177CEBE6911B9A6 /* PBXContainerItemProxy */ = {
			isa = PBXContainerItemProxy;
			containerPortal = 7905D6BFF6B4397A426334A8 /* Project object */;
			proxyType = 1;
			remoteGlobalIDString = B7A461DCB8390340F5F7F4EA;
			remoteInfo = FinderXLinking;
		};
		B0B42EB5924D1A6302FD8669 /* PBXContainerItemProxy */ = {
			isa = PBXContainerItemProxy;
			containerPortal = 7905D6BFF6B4397A426334A8 /* Project object */;
			proxyType = 1;
			remoteGlobalIDString = 1DF52B2609225B9B2C58F193;
			remoteInfo = FinderXXMindPreviewExtension;
		};
		BF0F2A61E05A9D24E273EA98 /* PBXContainerItemProxy */ = {
			isa = PBXContainerItemProxy;
			containerPortal = 7905D6BFF6B4397A426334A8 /* Project object */;
			proxyType = 1;
			remoteGlobalIDString = B7A461DCB8390340F5F7F4EA;
			remoteInfo = FinderXLinking;
		};
		DBE634BA88BD8B905CB7AE7E /* PBXContainerItemProxy */ = {
			isa = PBXContainerItemProxy;
			containerPortal = 7905D6BFF6B4397A426334A8 /* Project object */;
			proxyType = 1;
			remoteGlobalIDString = 69096EAC3FC145C35E19D4B5;
			remoteInfo = XMindPreviewCore;
		};
		EFA16D9508D425DAF4B3199C /* PBXContainerItemProxy */ = {
			isa = PBXContainerItemProxy;
			containerPortal = 7905D6BFF6B4397A426334A8 /* Project object */;
			proxyType = 1;
			remoteGlobalIDString = 1E4ABDEEC79AECF2BDD70E9C;
			remoteInfo = ImageCompressionCore;
		};
/* End PBXContainerItemProxy section */

/* Begin PBXCopyFilesBuildPhase section */
		15935021A58FE5FA09C2D3CC /* Embed Frameworks */ = {
			isa = PBXCopyFilesBuildPhase;
			buildActionMask = 2147483647;
			dstPath = "";
			dstSubfolderSpec = 10;
			files = (
				C3418C462F7C6460F988A7DE /* ImageCompressionCore.framework in Embed Frameworks */,
			);
			name = "Embed Frameworks";
			runOnlyForDeploymentPostprocessing = 0;
		};
		4306CBF984BE25F3DEF3F252 /* Embed App Extensions */ = {
			isa = PBXCopyFilesBuildPhase;
			buildActionMask = 2147483647;
			dstPath = "";
			dstSubfolderSpec = 13;
			files = (
				AACEA9242CFB2F7D485A0293 /* FinderXFinderExtension.appex in Embed App Extensions */,
				A1A24001A8F271884CA24FAC /* FinderXXMindThumbnailExtension.appex in Embed App Extensions */,
				F664240D203125E1ADD8F721 /* FinderXXMindPreviewExtension.appex in Embed App Extensions */,
			);
			name = "Embed App Extensions";
			runOnlyForDeploymentPostprocessing = 0;
		};
		792A4FCE5750C71750B3CDE7 /* Embed Frameworks */ = {
			isa = PBXCopyFilesBuildPhase;
			buildActionMask = 2147483647;
			dstPath = "";
			dstSubfolderSpec = 10;
			files = (
				E7B74027FD7B651FC75705CA /* XMindPreviewCore.framework in Embed Frameworks */,
			);
			name = "Embed Frameworks";
			runOnlyForDeploymentPostprocessing = 0;
		};
		D86A872ACED688298ED4D8FD /* Embed Frameworks */ = {
			isa = PBXCopyFilesBuildPhase;
			buildActionMask = 2147483647;
			dstPath = "";
			dstSubfolderSpec = 10;
			files = (
				557FAD92B0A8F2C65F1CCC01 /* ImageCompressionCore.framework in Embed Frameworks */,
			);
			name = "Embed Frameworks";
			runOnlyForDeploymentPostprocessing = 0;
		};
		EF488DB645A48E0D47A36332 /* Embed Frameworks */ = {
			isa = PBXCopyFilesBuildPhase;
			buildActionMask = 2147483647;
			dstPath = "";
			dstSubfolderSpec = 10;
			files = (
				0E044C77F585E517960F9A85 /* FinderXLinking.framework in Embed Frameworks */,
			);
			name = "Embed Frameworks";
			runOnlyForDeploymentPostprocessing = 0;
		};
/* End PBXCopyFilesBuildPhase section */

/* Begin PBXFileReference section */
		00C518F10DC7F0C247728F2B /* FinderXLink.swift */ = {isa = PBXFileReference; includeInIndex = 1; lastKnownFileType = sourcecode.swift; name = FinderXLink.swift; path = Sources/FinderXLinking/FinderXLink.swift; sourceTree = "<group>"; };
		135BA5543D21D8E00CC8F392 /* Cocoa.framework */ = {isa = PBXFileReference; lastKnownFileType = wrapper.framework; name = Cocoa.framework; path = Platforms/MacOSX.platform/Developer/SDKs/MacOSX10.15.sdk/System/Library/Frameworks/Cocoa.framework; sourceTree = DEVELOPER_DIR; };
		21CD6512995E74C4AB1BA0E6 /* FinderXApp.swift */ = {isa = PBXFileReference; includeInIndex = 1; lastKnownFileType = sourcecode.swift; name = FinderXApp.swift; path = Sources/FinderXApp/FinderXApp.swift; sourceTree = "<group>"; };
		2A36DB291F681776BBC09C96 /* XMindPreviewCoreTests.swift */ = {isa = PBXFileReference; includeInIndex = 1; lastKnownFileType = sourcecode.swift; name = XMindPreviewCoreTests.swift; path = Tests/XMindPreviewCoreTests/XMindPreviewCoreTests.swift; sourceTree = "<group>"; };
		37447D84F804CA22681D932A /* ImageCompressionCore.swift */ = {isa = PBXFileReference; includeInIndex = 1; lastKnownFileType = sourcecode.swift; name = ImageCompressionCore.swift; path = Sources/ImageCompressionCore/ImageCompressionCore.swift; sourceTree = "<group>"; };
		374D8703E2E5FAD85ED34887 /* FinderXXMindPreviewExtension.appex */ = {isa = PBXFileReference; explicitFileType = "wrapper.app-extension"; includeInIndex = 0; path = FinderXXMindPreviewExtension.appex; sourceTree = BUILT_PRODUCTS_DIR; };
		439B78BDA8DAD178CB1D4601 /* XMindPreviewCoreTests.xctest */ = {isa = PBXFileReference; explicitFileType = wrapper.cfbundle; includeInIndex = 0; path = XMindPreviewCoreTests.xctest; sourceTree = BUILT_PRODUCTS_DIR; };
		4E8636A7EF0E3549001A495E /* FinderSync.swift */ = {isa = PBXFileReference; includeInIndex = 1; lastKnownFileType = sourcecode.swift; name = FinderSync.swift; path = Sources/FinderXFinderExtension/FinderSync.swift; sourceTree = "<group>"; };
		53062945EA945D5A5CBA3983 /* ThumbnailProvider.swift */ = {isa = PBXFileReference; includeInIndex = 1; lastKnownFileType = sourcecode.swift; name = ThumbnailProvider.swift; path = Sources/FinderXXMindThumbnailExtension/ThumbnailProvider.swift; sourceTree = "<group>"; };
		6D1E06DD19A75D68C0DCE6CD /* FinderX.app */ = {isa = PBXFileReference; explicitFileType = wrapper.application; includeInIndex = 0; path = FinderX.app; sourceTree = BUILT_PRODUCTS_DIR; };
		6EC3A5FBB8F0553F6CAA417C /* FinderXXMindThumbnailExtension.appex */ = {isa = PBXFileReference; explicitFileType = "wrapper.app-extension"; includeInIndex = 0; path = FinderXXMindThumbnailExtension.appex; sourceTree = BUILT_PRODUCTS_DIR; };
		712AF7B39C1E0994C84D902E /* XMindPreviewCore.framework */ = {isa = PBXFileReference; explicitFileType = wrapper.framework; includeInIndex = 0; path = XMindPreviewCore.framework; sourceTree = BUILT_PRODUCTS_DIR; };
		72E7FABC5BB2B2E24A7531BF /* FinderXLinkingTests.swift */ = {isa = PBXFileReference; includeInIndex = 1; lastKnownFileType = sourcecode.swift; name = FinderXLinkingTests.swift; path = Tests/FinderXLinkingTests/FinderXLinkingTests.swift; sourceTree = "<group>"; };
		A34853AC3896B843361C0E37 /* FinderXLinking.framework */ = {isa = PBXFileReference; explicitFileType = wrapper.framework; includeInIndex = 0; path = FinderXLinking.framework; sourceTree = BUILT_PRODUCTS_DIR; };
		ADA0947AAB3D5B4B707B37CC /* Assets.xcassets */ = {isa = PBXFileReference; includeInIndex = 1; lastKnownFileType = folder.assetcatalog; name = Assets.xcassets; path = FinderX/Resources/Assets.xcassets; sourceTree = "<group>"; };
		B76F30CF5003416152726443 /* ImageCompressionCoreTests.xctest */ = {isa = PBXFileReference; explicitFileType = wrapper.cfbundle; includeInIndex = 0; path = ImageCompressionCoreTests.xctest; sourceTree = BUILT_PRODUCTS_DIR; };
		B879CDC3E1D1A8A971403C29 /* XMindPreviewCore.swift */ = {isa = PBXFileReference; includeInIndex = 1; lastKnownFileType = sourcecode.swift; name = XMindPreviewCore.swift; path = Sources/XMindPreviewCore/XMindPreviewCore.swift; sourceTree = "<group>"; };
		BD5E079BDA50E85881AA3BC6 /* PreviewProvider.swift */ = {isa = PBXFileReference; includeInIndex = 1; lastKnownFileType = sourcecode.swift; name = PreviewProvider.swift; path = Sources/FinderXXMindPreviewExtension/PreviewProvider.swift; sourceTree = "<group>"; };
		C577DB019037989718ABB06E /* main.swift */ = {isa = PBXFileReference; includeInIndex = 1; lastKnownFileType = sourcecode.swift; name = main.swift; path = Sources/FinderXCompressCLI/main.swift; sourceTree = "<group>"; };
		C5B6947BE42D0A4DC4CCC8F1 /* ImageCompressionCore.framework */ = {isa = PBXFileReference; explicitFileType = wrapper.framework; includeInIndex = 0; path = ImageCompressionCore.framework; sourceTree = BUILT_PRODUCTS_DIR; };
		C65656E035CD7BECF47577F5 /* FinderXLinkingTests.xctest */ = {isa = PBXFileReference; explicitFileType = wrapper.cfbundle; includeInIndex = 0; path = FinderXLinkingTests.xctest; sourceTree = BUILT_PRODUCTS_DIR; };
		C853F9317A762EE52B48B77E /* FinderXFinderExtension.appex */ = {isa = PBXFileReference; explicitFileType = "wrapper.app-extension"; includeInIndex = 0; path = FinderXFinderExtension.appex; sourceTree = BUILT_PRODUCTS_DIR; };
		D496491C6DD8FD69BDEDAFF2 /* ImageCompressionCoreTests.swift */ = {isa = PBXFileReference; includeInIndex = 1; lastKnownFileType = sourcecode.swift; name = ImageCompressionCoreTests.swift; path = Tests/ImageCompressionCoreTests/ImageCompressionCoreTests.swift; sourceTree = "<group>"; };
		EEF09C7238A3D5B8ABC8409C /* FinderXCompressCLI */ = {isa = PBXFileReference; includeInIndex = 0; path = FinderXCompressCLI; sourceTree = BUILT_PRODUCTS_DIR; };
/* End PBXFileReference section */

/* Begin PBXFrameworksBuildPhase section */
		09BA2364BEC0B6976DBF873C /* Frameworks */ = {
			isa = PBXFrameworksBuildPhase;
			buildActionMask = 2147483647;
			files = (
				498762CFA6C567E81D8721E1 /* Cocoa.framework in Frameworks */,
			);
			runOnlyForDeploymentPostprocessing = 0;
		};
		1F61BCD8F323ED6BD9E72CA8 /* Frameworks */ = {
			isa = PBXFrameworksBuildPhase;
			buildActionMask = 2147483647;
			files = (
				51BDD49FDE1F1D2CCDCCEB8B /* Cocoa.framework in Frameworks */,
				7EC982A60E5B507C6383876A /* ImageCompressionCore.framework in Frameworks */,
			);
			runOnlyForDeploymentPostprocessing = 0;
		};
		3155C1E7C6C2CC00B1F81D03 /* Frameworks */ = {
			isa = PBXFrameworksBuildPhase;
			buildActionMask = 2147483647;
			files = (
				E3B21F22EA31C5A79022A335 /* Cocoa.framework in Frameworks */,
				D92913AFF13363665A250C26 /* ImageCompressionCore.framework in Frameworks */,
				460BE89E5E72CA241FB2152D /* FinderXLinking.framework in Frameworks */,
				D46F32C3E6F81EBDC8C1DF07 /* XMindPreviewCore.framework in Frameworks */,
			);
			runOnlyForDeploymentPostprocessing = 0;
		};
		33BE05D2021A70221675A584 /* Frameworks */ = {
			isa = PBXFrameworksBuildPhase;
			buildActionMask = 2147483647;
			files = (
				907AF0CF4A596A1C5195A072 /* Cocoa.framework in Frameworks */,
				645A2B14E2AB28CAED93666C /* ImageCompressionCore.framework in Frameworks */,
			);
			runOnlyForDeploymentPostprocessing = 0;
		};
		3E6130667E3D5B53D997CCA2 /* Frameworks */ = {
			isa = PBXFrameworksBuildPhase;
			buildActionMask = 2147483647;
			files = (
				3BFEAB70F2047834BA000C36 /* Cocoa.framework in Frameworks */,
				75EB7B061CB3E3BADDB26636 /* XMindPreviewCore.framework in Frameworks */,
			);
			runOnlyForDeploymentPostprocessing = 0;
		};
		6D93B1CA65C0113A87A54A47 /* Frameworks */ = {
			isa = PBXFrameworksBuildPhase;
			buildActionMask = 2147483647;
			files = (
				DDA7C211FB13F158A2A53661 /* Cocoa.framework in Frameworks */,
			);
			runOnlyForDeploymentPostprocessing = 0;
		};
		83DFE804AC55AA84F13789E3 /* Frameworks */ = {
			isa = PBXFrameworksBuildPhase;
			buildActionMask = 2147483647;
			files = (
				83BCFD81E1791950E9463419 /* Cocoa.framework in Frameworks */,
				837EB36D4301D58FD3D11854 /* XMindPreviewCore.framework in Frameworks */,
			);
			runOnlyForDeploymentPostprocessing = 0;
		};
		976EA02D207357EEEF0D90E4 /* Frameworks */ = {
			isa = PBXFrameworksBuildPhase;
			buildActionMask = 2147483647;
			files = (
				AE8468A62EF6C819EB5AE363 /* Cocoa.framework in Frameworks */,
				A144E5AFBD7CAB5799D37B82 /* FinderXLinking.framework in Frameworks */,
			);
			runOnlyForDeploymentPostprocessing = 0;
		};
		9FE2319CD6BBD01080FADA36 /* Frameworks */ = {
			isa = PBXFrameworksBuildPhase;
			buildActionMask = 2147483647;
			files = (
				46B3CF07743FA1EADFC15759 /* Cocoa.framework in Frameworks */,
				C2E95CCD989857C79DCFBD37 /* FinderXLinking.framework in Frameworks */,
			);
			runOnlyForDeploymentPostprocessing = 0;
		};
		A28114522B09664B69691130 /* Frameworks */ = {
			isa = PBXFrameworksBuildPhase;
			buildActionMask = 2147483647;
			files = (
				DD8F9C29941429C648813E6B /* Cocoa.framework in Frameworks */,
			);
			runOnlyForDeploymentPostprocessing = 0;
		};
		D47199B85F8DF51B93DDA463 /* Frameworks */ = {
			isa = PBXFrameworksBuildPhase;
			buildActionMask = 2147483647;
			files = (
				FD0BB2789BAF4B5D59A06EC4 /* Cocoa.framework in Frameworks */,
				B2BBC2DC106E29DB95C3C3B5 /* XMindPreviewCore.framework in Frameworks */,
			);
			runOnlyForDeploymentPostprocessing = 0;
		};
/* End PBXFrameworksBuildPhase section */

/* Begin PBXGroup section */
		1635971B43E7B3D23D73A56A /* OS X */ = {
			isa = PBXGroup;
			children = (
				135BA5543D21D8E00CC8F392 /* Cocoa.framework */,
			);
			name = "OS X";
			sourceTree = "<group>";
		};
		2B103FC21AE2F27BB48479C9 /* Sources */ = {
			isa = PBXGroup;
			children = (
				37447D84F804CA22681D932A /* ImageCompressionCore.swift */,
				00C518F10DC7F0C247728F2B /* FinderXLink.swift */,
				B879CDC3E1D1A8A971403C29 /* XMindPreviewCore.swift */,
				21CD6512995E74C4AB1BA0E6 /* FinderXApp.swift */,
				4E8636A7EF0E3549001A495E /* FinderSync.swift */,
				53062945EA945D5A5CBA3983 /* ThumbnailProvider.swift */,
				BD5E079BDA50E85881AA3BC6 /* PreviewProvider.swift */,
				C577DB019037989718ABB06E /* main.swift */,
			);
			name = Sources;
			sourceTree = "<group>";
		};
		387650E829096B94F5ADD3C9 /* FinderX */ = {
			isa = PBXGroup;
			children = (
				ADA0947AAB3D5B4B707B37CC /* Assets.xcassets */,
			);
			name = FinderX;
			sourceTree = "<group>";
		};
		42FA302978AC07CB28F7CE5A /* Tests */ = {
			isa = PBXGroup;
			children = (
				D496491C6DD8FD69BDEDAFF2 /* ImageCompressionCoreTests.swift */,
				72E7FABC5BB2B2E24A7531BF /* FinderXLinkingTests.swift */,
				2A36DB291F681776BBC09C96 /* XMindPreviewCoreTests.swift */,
			);
			name = Tests;
			sourceTree = "<group>";
		};
		518FABC3648D52B2967031A3 /* Frameworks */ = {
			isa = PBXGroup;
			children = (
				1635971B43E7B3D23D73A56A /* OS X */,
			);
			name = Frameworks;
			sourceTree = "<group>";
		};
		9B33CBFE549AF0CDE6B3EC63 /* Products */ = {
			isa = PBXGroup;
			children = (
				C5B6947BE42D0A4DC4CCC8F1 /* ImageCompressionCore.framework */,
				A34853AC3896B843361C0E37 /* FinderXLinking.framework */,
				712AF7B39C1E0994C84D902E /* XMindPreviewCore.framework */,
				6D1E06DD19A75D68C0DCE6CD /* FinderX.app */,
				C853F9317A762EE52B48B77E /* FinderXFinderExtension.appex */,
				6EC3A5FBB8F0553F6CAA417C /* FinderXXMindThumbnailExtension.appex */,
				374D8703E2E5FAD85ED34887 /* FinderXXMindPreviewExtension.appex */,
				EEF09C7238A3D5B8ABC8409C /* FinderXCompressCLI */,
				B76F30CF5003416152726443 /* ImageCompressionCoreTests.xctest */,
				C65656E035CD7BECF47577F5 /* FinderXLinkingTests.xctest */,
				439B78BDA8DAD178CB1D4601 /* XMindPreviewCoreTests.xctest */,
			);
			name = Products;
			sourceTree = "<group>";
		};
		D0C04D5EACDA878755A14584 = {
			isa = PBXGroup;
			children = (
				9B33CBFE549AF0CDE6B3EC63 /* Products */,
				518FABC3648D52B2967031A3 /* Frameworks */,
				2B103FC21AE2F27BB48479C9 /* Sources */,
				387650E829096B94F5ADD3C9 /* FinderX */,
				42FA302978AC07CB28F7CE5A /* Tests */,
			);
			sourceTree = "<group>";
		};
/* End PBXGroup section */

/* Begin PBXHeadersBuildPhase section */
		3E54B46895269BBE11FDB28B /* Headers */ = {
			isa = PBXHeadersBuildPhase;
			buildActionMask = 2147483647;
			files = (
			);
			runOnlyForDeploymentPostprocessing = 0;
		};
		950EF9EDD8A34301DF81886D /* Headers */ = {
			isa = PBXHeadersBuildPhase;
			buildActionMask = 2147483647;
			files = (
			);
			runOnlyForDeploymentPostprocessing = 0;
		};
		E4C0154B1B30E0A6D4B165AB /* Headers */ = {
			isa = PBXHeadersBuildPhase;
			buildActionMask = 2147483647;
			files = (
			);
			runOnlyForDeploymentPostprocessing = 0;
		};
/* End PBXHeadersBuildPhase section */

/* Begin PBXNativeTarget section */
		1DF52B2609225B9B2C58F193 /* FinderXXMindPreviewExtension */ = {
			isa = PBXNativeTarget;
			buildConfigurationList = A8D32075BC5EC2E3AE08E218 /* Build configuration list for PBXNativeTarget "FinderXXMindPreviewExtension" */;
			buildPhases = (
				ADCFCFDAF66BEB998C3E10EB /* Sources */,
				D47199B85F8DF51B93DDA463 /* Frameworks */,
				15DFD906081005283A095E0A /* Resources */,
			);
			buildRules = (
			);
			dependencies = (
				787A83A182CEA34012FF89BD /* PBXTargetDependency */,
			);
			name = FinderXXMindPreviewExtension;
			productName = FinderXXMindPreviewExtension;
			productReference = 374D8703E2E5FAD85ED34887 /* FinderXXMindPreviewExtension.appex */;
			productType = "com.apple.product-type.app-extension";
		};
		1E4ABDEEC79AECF2BDD70E9C /* ImageCompressionCore */ = {
			isa = PBXNativeTarget;
			buildConfigurationList = 9ED378CA586943F01CAD5F45 /* Build configuration list for PBXNativeTarget "ImageCompressionCore" */;
			buildPhases = (
				3E54B46895269BBE11FDB28B /* Headers */,
				6DDAC2CAE33429E5FE9CF967 /* Sources */,
				6D93B1CA65C0113A87A54A47 /* Frameworks */,
				1C72EEADF0DEC52078E2BD6C /* Resources */,
			);
			buildRules = (
			);
			dependencies = (
			);
			name = ImageCompressionCore;
			productName = ImageCompressionCore;
			productReference = C5B6947BE42D0A4DC4CCC8F1 /* ImageCompressionCore.framework */;
			productType = "com.apple.product-type.framework";
		};
		53326FAB351ACB422D0BA1C7 /* FinderX */ = {
			isa = PBXNativeTarget;
			buildConfigurationList = 351AC328CE0EDAE24302A5A4 /* Build configuration list for PBXNativeTarget "FinderX" */;
			buildPhases = (
				2A32A63F4AB28A132F3D3072 /* Sources */,
				3155C1E7C6C2CC00B1F81D03 /* Frameworks */,
				860D45C5248784ADFB2199A8 /* Resources */,
				15935021A58FE5FA09C2D3CC /* Embed Frameworks */,
				EF488DB645A48E0D47A36332 /* Embed Frameworks */,
				792A4FCE5750C71750B3CDE7 /* Embed Frameworks */,
				4306CBF984BE25F3DEF3F252 /* Embed App Extensions */,
			);
			buildRules = (
			);
			dependencies = (
				0FB7ACB21AEBA69D6EBCDCB2 /* PBXTargetDependency */,
				6A667E49E58707C14DE4985D /* PBXTargetDependency */,
				43E4FDA99C6D850FB4ED4413 /* PBXTargetDependency */,
				F4A119462B3D6759BC0DB0EA /* PBXTargetDependency */,
				95CCE7924847C38C66BF3FEC /* PBXTargetDependency */,
				4FA56B3758988DCEE46D2191 /* PBXTargetDependency */,
			);
			name = FinderX;
			productName = FinderX;
			productReference = 6D1E06DD19A75D68C0DCE6CD /* FinderX.app */;
			productType = "com.apple.product-type.application";
		};
		5DBF739C8636AF940DDF8FFC /* XMindPreviewCoreTests */ = {
			isa = PBXNativeTarget;
			buildConfigurationList = 28F2D0548934E81A62B1950A /* Build configuration list for PBXNativeTarget "XMindPreviewCoreTests" */;
			buildPhases = (
				09B900D1264AEE89D44DC2DA /* Sources */,
				3E6130667E3D5B53D997CCA2 /* Frameworks */,
				19611DBEC3345CF1E83385AB /* Resources */,
			);
			buildRules = (
			);
			dependencies = (
				9BBEAFBE588CAB7FFE362189 /* PBXTargetDependency */,
			);
			name = XMindPreviewCoreTests;
			productName = XMindPreviewCoreTests;
			productReference = 439B78BDA8DAD178CB1D4601 /* XMindPreviewCoreTests.xctest */;
			productType = "com.apple.product-type.bundle.unit-test";
		};
		69096EAC3FC145C35E19D4B5 /* XMindPreviewCore */ = {
			isa = PBXNativeTarget;
			buildConfigurationList = CFB96AD475B8BC37AE0CEEDE /* Build configuration list for PBXNativeTarget "XMindPreviewCore" */;
			buildPhases = (
				950EF9EDD8A34301DF81886D /* Headers */,
				86C772B481BBAAA6EED7EE04 /* Sources */,
				A28114522B09664B69691130 /* Frameworks */,
				E1DB9A8DE15B0CB45CD730D9 /* Resources */,
			);
			buildRules = (
			);
			dependencies = (
			);
			name = XMindPreviewCore;
			productName = XMindPreviewCore;
			productReference = 712AF7B39C1E0994C84D902E /* XMindPreviewCore.framework */;
			productType = "com.apple.product-type.framework";
		};
		6C7C6635B96450802B263532 /* FinderXCompressCLI */ = {
			isa = PBXNativeTarget;
			buildConfigurationList = C20B6EAB8E071E210C886FF3 /* Build configuration list for PBXNativeTarget "FinderXCompressCLI" */;
			buildPhases = (
				ED556455D6B4EF26FC4198BE /* Sources */,
				33BE05D2021A70221675A584 /* Frameworks */,
				D86A872ACED688298ED4D8FD /* Embed Frameworks */,
			);
			buildRules = (
			);
			dependencies = (
				CECB667EFD286F4B43C572C7 /* PBXTargetDependency */,
			);
			name = FinderXCompressCLI;
			productName = FinderXCompressCLI;
			productReference = EEF09C7238A3D5B8ABC8409C /* FinderXCompressCLI */;
			productType = "com.apple.product-type.tool";
		};
		90CC79DF8D70567C11368ADE /* FinderXFinderExtension */ = {
			isa = PBXNativeTarget;
			buildConfigurationList = 4B38D30CCDA20D6E3449C174 /* Build configuration list for PBXNativeTarget "FinderXFinderExtension" */;
			buildPhases = (
				C2C964D9EAB78880D988A580 /* Sources */,
				976EA02D207357EEEF0D90E4 /* Frameworks */,
				6AAE9393F786C0166E176087 /* Resources */,
			);
			buildRules = (
			);
			dependencies = (
				BCDE7FC15959C36FFC24D651 /* PBXTargetDependency */,
			);
			name = FinderXFinderExtension;
			productName = FinderXFinderExtension;
			productReference = C853F9317A762EE52B48B77E /* FinderXFinderExtension.appex */;
			productType = "com.apple.product-type.app-extension";
		};
		A36F567D02B8823D5CE5746B /* FinderXLinkingTests */ = {
			isa = PBXNativeTarget;
			buildConfigurationList = 6734EB9A28BD0E378E2633B4 /* Build configuration list for PBXNativeTarget "FinderXLinkingTests" */;
			buildPhases = (
				8872B047EB7943D96099EDBE /* Sources */,
				9FE2319CD6BBD01080FADA36 /* Frameworks */,
				78AE4FDC689F1085ECB6AC27 /* Resources */,
			);
			buildRules = (
			);
			dependencies = (
				1DE19B85F73A26253A0A305D /* PBXTargetDependency */,
			);
			name = FinderXLinkingTests;
			productName = FinderXLinkingTests;
			productReference = C65656E035CD7BECF47577F5 /* FinderXLinkingTests.xctest */;
			productType = "com.apple.product-type.bundle.unit-test";
		};
		B7A461DCB8390340F5F7F4EA /* FinderXLinking */ = {
			isa = PBXNativeTarget;
			buildConfigurationList = E36AC1AC3631AF9585BB3536 /* Build configuration list for PBXNativeTarget "FinderXLinking" */;
			buildPhases = (
				E4C0154B1B30E0A6D4B165AB /* Headers */,
				BADD2A818621588C8EFB3C08 /* Sources */,
				09BA2364BEC0B6976DBF873C /* Frameworks */,
				5CE74CC65DF3B3E5F1179579 /* Resources */,
			);
			buildRules = (
			);
			dependencies = (
			);
			name = FinderXLinking;
			productName = FinderXLinking;
			productReference = A34853AC3896B843361C0E37 /* FinderXLinking.framework */;
			productType = "com.apple.product-type.framework";
		};
		E8A8D717A90833DC5F6F60FF /* ImageCompressionCoreTests */ = {
			isa = PBXNativeTarget;
			buildConfigurationList = 09C9484965F2CAA5B5E1BC55 /* Build configuration list for PBXNativeTarget "ImageCompressionCoreTests" */;
			buildPhases = (
				0E10C8DCCA3593549FC4AAAF /* Sources */,
				1F61BCD8F323ED6BD9E72CA8 /* Frameworks */,
				9183C2FE4576C83E2075A93C /* Resources */,
			);
			buildRules = (
			);
			dependencies = (
				AA51BB31BC2AF4C515557975 /* PBXTargetDependency */,
			);
			name = ImageCompressionCoreTests;
			productName = ImageCompressionCoreTests;
			productReference = B76F30CF5003416152726443 /* ImageCompressionCoreTests.xctest */;
			productType = "com.apple.product-type.bundle.unit-test";
		};
		F04BEAA080AE1D7A15C61D49 /* FinderXXMindThumbnailExtension */ = {
			isa = PBXNativeTarget;
			buildConfigurationList = 5DCF90B6C18C1D4EBD78AF1E /* Build configuration list for PBXNativeTarget "FinderXXMindThumbnailExtension" */;
			buildPhases = (
				0B28D0077338D5C0A5622FE1 /* Sources */,
				83DFE804AC55AA84F13789E3 /* Frameworks */,
				4BD31FE4F9E1B2D30F3FC2D5 /* Resources */,
			);
			buildRules = (
			);
			dependencies = (
				D010F30A20B2688C53B00405 /* PBXTargetDependency */,
			);
			name = FinderXXMindThumbnailExtension;
			productName = FinderXXMindThumbnailExtension;
			productReference = 6EC3A5FBB8F0553F6CAA417C /* FinderXXMindThumbnailExtension.appex */;
			productType = "com.apple.product-type.app-extension";
		};
/* End PBXNativeTarget section */

/* Begin PBXProject section */
		7905D6BFF6B4397A426334A8 /* Project object */ = {
			isa = PBXProject;
			attributes = {
				LastSwiftUpdateCheck = 1500;
				LastUpgradeCheck = 1500;
			};
			buildConfigurationList = A83EA66B517C2D9E57E3689F /* Build configuration list for PBXProject "FinderX" */;
			compatibilityVersion = "Xcode 3.2";
			developmentRegion = en;
			hasScannedForEncodings = 0;
			knownRegions = (
				en,
				Base,
			);
			mainGroup = D0C04D5EACDA878755A14584;
			productRefGroup = 9B33CBFE549AF0CDE6B3EC63 /* Products */;
			projectDirPath = "";
			projectRoot = "";
			targets = (
				1E4ABDEEC79AECF2BDD70E9C /* ImageCompressionCore */,
				B7A461DCB8390340F5F7F4EA /* FinderXLinking */,
				69096EAC3FC145C35E19D4B5 /* XMindPreviewCore */,
				53326FAB351ACB422D0BA1C7 /* FinderX */,
				90CC79DF8D70567C11368ADE /* FinderXFinderExtension */,
				F04BEAA080AE1D7A15C61D49 /* FinderXXMindThumbnailExtension */,
				1DF52B2609225B9B2C58F193 /* FinderXXMindPreviewExtension */,
				6C7C6635B96450802B263532 /* FinderXCompressCLI */,
				E8A8D717A90833DC5F6F60FF /* ImageCompressionCoreTests */,
				A36F567D02B8823D5CE5746B /* FinderXLinkingTests */,
				5DBF739C8636AF940DDF8FFC /* XMindPreviewCoreTests */,
			);
		};
/* End PBXProject section */

/* Begin PBXResourcesBuildPhase section */
		15DFD906081005283A095E0A /* Resources */ = {
			isa = PBXResourcesBuildPhase;
			buildActionMask = 2147483647;
			files = (
			);
			runOnlyForDeploymentPostprocessing = 0;
		};
		19611DBEC3345CF1E83385AB /* Resources */ = {
			isa = PBXResourcesBuildPhase;
			buildActionMask = 2147483647;
			files = (
			);
			runOnlyForDeploymentPostprocessing = 0;
		};
		1C72EEADF0DEC52078E2BD6C /* Resources */ = {
			isa = PBXResourcesBuildPhase;
			buildActionMask = 2147483647;
			files = (
			);
			runOnlyForDeploymentPostprocessing = 0;
		};
		4BD31FE4F9E1B2D30F3FC2D5 /* Resources */ = {
			isa = PBXResourcesBuildPhase;
			buildActionMask = 2147483647;
			files = (
			);
			runOnlyForDeploymentPostprocessing = 0;
		};
		5CE74CC65DF3B3E5F1179579 /* Resources */ = {
			isa = PBXResourcesBuildPhase;
			buildActionMask = 2147483647;
			files = (
			);
			runOnlyForDeploymentPostprocessing = 0;
		};
		6AAE9393F786C0166E176087 /* Resources */ = {
			isa = PBXResourcesBuildPhase;
			buildActionMask = 2147483647;
			files = (
			);
			runOnlyForDeploymentPostprocessing = 0;
		};
		78AE4FDC689F1085ECB6AC27 /* Resources */ = {
			isa = PBXResourcesBuildPhase;
			buildActionMask = 2147483647;
			files = (
			);
			runOnlyForDeploymentPostprocessing = 0;
		};
		860D45C5248784ADFB2199A8 /* Resources */ = {
			isa = PBXResourcesBuildPhase;
			buildActionMask = 2147483647;
			files = (
				9C044B36CA3447C4C9D098F2 /* Assets.xcassets in Resources */,
			);
			runOnlyForDeploymentPostprocessing = 0;
		};
		9183C2FE4576C83E2075A93C /* Resources */ = {
			isa = PBXResourcesBuildPhase;
			buildActionMask = 2147483647;
			files = (
			);
			runOnlyForDeploymentPostprocessing = 0;
		};
		E1DB9A8DE15B0CB45CD730D9 /* Resources */ = {
			isa = PBXResourcesBuildPhase;
			buildActionMask = 2147483647;
			files = (
			);
			runOnlyForDeploymentPostprocessing = 0;
		};
/* End PBXResourcesBuildPhase section */

/* Begin PBXSourcesBuildPhase section */
		09B900D1264AEE89D44DC2DA /* Sources */ = {
			isa = PBXSourcesBuildPhase;
			buildActionMask = 2147483647;
			files = (
				B058B716D2BA30CBE40E5895 /* XMindPreviewCoreTests.swift in Sources */,
			);
			runOnlyForDeploymentPostprocessing = 0;
		};
		0B28D0077338D5C0A5622FE1 /* Sources */ = {
			isa = PBXSourcesBuildPhase;
			buildActionMask = 2147483647;
			files = (
				3BCDE6F6EE39751BC4E7C93F /* ThumbnailProvider.swift in Sources */,
			);
			runOnlyForDeploymentPostprocessing = 0;
		};
		0E10C8DCCA3593549FC4AAAF /* Sources */ = {
			isa = PBXSourcesBuildPhase;
			buildActionMask = 2147483647;
			files = (
				D2B97D08451E5ACCF399CED7 /* ImageCompressionCoreTests.swift in Sources */,
			);
			runOnlyForDeploymentPostprocessing = 0;
		};
		2A32A63F4AB28A132F3D3072 /* Sources */ = {
			isa = PBXSourcesBuildPhase;
			buildActionMask = 2147483647;
			files = (
				7B0D4460956D80FC2F4A0713 /* FinderXApp.swift in Sources */,
			);
			runOnlyForDeploymentPostprocessing = 0;
		};
		6DDAC2CAE33429E5FE9CF967 /* Sources */ = {
			isa = PBXSourcesBuildPhase;
			buildActionMask = 2147483647;
			files = (
				A84D646B45F33609C5108B7E /* ImageCompressionCore.swift in Sources */,
			);
			runOnlyForDeploymentPostprocessing = 0;
		};
		86C772B481BBAAA6EED7EE04 /* Sources */ = {
			isa = PBXSourcesBuildPhase;
			buildActionMask = 2147483647;
			files = (
				2382BE67A2AF01A75548BC99 /* XMindPreviewCore.swift in Sources */,
			);
			runOnlyForDeploymentPostprocessing = 0;
		};
		8872B047EB7943D96099EDBE /* Sources */ = {
			isa = PBXSourcesBuildPhase;
			buildActionMask = 2147483647;
			files = (
				CE6C5001A1DB480108B21986 /* FinderXLinkingTests.swift in Sources */,
			);
			runOnlyForDeploymentPostprocessing = 0;
		};
		ADCFCFDAF66BEB998C3E10EB /* Sources */ = {
			isa = PBXSourcesBuildPhase;
			buildActionMask = 2147483647;
			files = (
				B36653F1E3739F238D0D8511 /* PreviewProvider.swift in Sources */,
			);
			runOnlyForDeploymentPostprocessing = 0;
		};
		BADD2A818621588C8EFB3C08 /* Sources */ = {
			isa = PBXSourcesBuildPhase;
			buildActionMask = 2147483647;
			files = (
				1563EC3095F7EBEFAAED8D31 /* FinderXLink.swift in Sources */,
			);
			runOnlyForDeploymentPostprocessing = 0;
		};
		C2C964D9EAB78880D988A580 /* Sources */ = {
			isa = PBXSourcesBuildPhase;
			buildActionMask = 2147483647;
			files = (
				BB7654BD8F07A222C9212B83 /* FinderSync.swift in Sources */,
			);
			runOnlyForDeploymentPostprocessing = 0;
		};
		ED556455D6B4EF26FC4198BE /* Sources */ = {
			isa = PBXSourcesBuildPhase;
			buildActionMask = 2147483647;
			files = (
				BC8447C96F78E5708EF62A1B /* main.swift in Sources */,
			);
			runOnlyForDeploymentPostprocessing = 0;
		};
/* End PBXSourcesBuildPhase section */

/* Begin PBXTargetDependency section */
		0FB7ACB21AEBA69D6EBCDCB2 /* PBXTargetDependency */ = {
			isa = PBXTargetDependency;
			name = ImageCompressionCore;
			target = 1E4ABDEEC79AECF2BDD70E9C /* ImageCompressionCore */;
			targetProxy = 57FBEF5857F9374F3B9FFF12 /* PBXContainerItemProxy */;
		};
		1DE19B85F73A26253A0A305D /* PBXTargetDependency */ = {
			isa = PBXTargetDependency;
			name = FinderXLinking;
			target = B7A461DCB8390340F5F7F4EA /* FinderXLinking */;
			targetProxy = 905C2C7A34565C1D05CE4B1D /* PBXContainerItemProxy */;
		};
		43E4FDA99C6D850FB4ED4413 /* PBXTargetDependency */ = {
			isa = PBXTargetDependency;
			name = XMindPreviewCore;
			target = 69096EAC3FC145C35E19D4B5 /* XMindPreviewCore */;
			targetProxy = 3FDDC3AA9C99C34C05DAC59E /* PBXContainerItemProxy */;
		};
		4FA56B3758988DCEE46D2191 /* PBXTargetDependency */ = {
			isa = PBXTargetDependency;
			name = FinderXXMindPreviewExtension;
			target = 1DF52B2609225B9B2C58F193 /* FinderXXMindPreviewExtension */;
			targetProxy = B0B42EB5924D1A6302FD8669 /* PBXContainerItemProxy */;
		};
		6A667E49E58707C14DE4985D /* PBXTargetDependency */ = {
			isa = PBXTargetDependency;
			name = FinderXLinking;
			target = B7A461DCB8390340F5F7F4EA /* FinderXLinking */;
			targetProxy = 965090181177CEBE6911B9A6 /* PBXContainerItemProxy */;
		};
		787A83A182CEA34012FF89BD /* PBXTargetDependency */ = {
			isa = PBXTargetDependency;
			name = XMindPreviewCore;
			target = 69096EAC3FC145C35E19D4B5 /* XMindPreviewCore */;
			targetProxy = 59C633D18276CFF9B312E836 /* PBXContainerItemProxy */;
		};
		95CCE7924847C38C66BF3FEC /* PBXTargetDependency */ = {
			isa = PBXTargetDependency;
			name = FinderXXMindThumbnailExtension;
			target = F04BEAA080AE1D7A15C61D49 /* FinderXXMindThumbnailExtension */;
			targetProxy = 49D543AD567FF60E534F6346 /* PBXContainerItemProxy */;
		};
		9BBEAFBE588CAB7FFE362189 /* PBXTargetDependency */ = {
			isa = PBXTargetDependency;
			name = XMindPreviewCore;
			target = 69096EAC3FC145C35E19D4B5 /* XMindPreviewCore */;
			targetProxy = 0209ED260543587C58E8C0E4 /* PBXContainerItemProxy */;
		};
		AA51BB31BC2AF4C515557975 /* PBXTargetDependency */ = {
			isa = PBXTargetDependency;
			name = ImageCompressionCore;
			target = 1E4ABDEEC79AECF2BDD70E9C /* ImageCompressionCore */;
			targetProxy = EFA16D9508D425DAF4B3199C /* PBXContainerItemProxy */;
		};
		BCDE7FC15959C36FFC24D651 /* PBXTargetDependency */ = {
			isa = PBXTargetDependency;
			name = FinderXLinking;
			target = B7A461DCB8390340F5F7F4EA /* FinderXLinking */;
			targetProxy = BF0F2A61E05A9D24E273EA98 /* PBXContainerItemProxy */;
		};
		CECB667EFD286F4B43C572C7 /* PBXTargetDependency */ = {
			isa = PBXTargetDependency;
			name = ImageCompressionCore;
			target = 1E4ABDEEC79AECF2BDD70E9C /* ImageCompressionCore */;
			targetProxy = 1842AC5192E25247D76FEE97 /* PBXContainerItemProxy */;
		};
		D010F30A20B2688C53B00405 /* PBXTargetDependency */ = {
			isa = PBXTargetDependency;
			name = XMindPreviewCore;
			target = 69096EAC3FC145C35E19D4B5 /* XMindPreviewCore */;
			targetProxy = DBE634BA88BD8B905CB7AE7E /* PBXContainerItemProxy */;
		};
		F4A119462B3D6759BC0DB0EA /* PBXTargetDependency */ = {
			isa = PBXTargetDependency;
			name = FinderXFinderExtension;
			target = 90CC79DF8D70567C11368ADE /* FinderXFinderExtension */;
			targetProxy = 344179A56AA5AEDCA97136D8 /* PBXContainerItemProxy */;
		};
/* End PBXTargetDependency section */

/* Begin XCBuildConfiguration section */
		040F3B275D5E90CBB5BF0C83 /* Release */ = {
			isa = XCBuildConfiguration;
			buildSettings = {
				CLANG_ENABLE_MODULES = YES;
				CODE_SIGN_STYLE = Automatic;
				COMBINE_HIDPI_IMAGES = YES;
				CURRENT_PROJECT_VERSION = 1;
				DEFINES_MODULE = YES;
				DEVELOPMENT_TEAM = "";
				DYLIB_COMPATIBILITY_VERSION = 1;
				DYLIB_CURRENT_VERSION = 1;
				DYLIB_INSTALL_NAME_BASE = "@rpath";
				ENABLE_USER_SCRIPT_SANDBOXING = NO;
				GENERATE_INFOPLIST_FILE = YES;
				INSTALL_PATH = "$(LOCAL_LIBRARY_DIR)/Frameworks";
				LD_RUNPATH_SEARCH_PATHS = "$(inherited) @executable_path/../Frameworks @loader_path/Frameworks";
				MACOSX_DEPLOYMENT_TARGET = 14.0;
				MARKETING_VERSION = 0.1.0;
				PRODUCT_BUNDLE_IDENTIFIER = dev.finderx.ImageCompressionCore;
				PRODUCT_NAME = "$(TARGET_NAME:c99extidentifier)";
				SDKROOT = macosx;
				SKIP_INSTALL = YES;
				SWIFT_VERSION = 6.0;
				VERSIONING_SYSTEM = "apple-generic";
				VERSION_INFO_PREFIX = "";
			};
			name = Release;
		};
		04F6CAE3DB79EB66F565886A /* Debug */ = {
			isa = XCBuildConfiguration;
			buildSettings = {
				APPLICATION_EXTENSION_API_ONLY = YES;
				CLANG_ENABLE_MODULES = YES;
				CODE_SIGN_ENTITLEMENTS = FinderXFinderExtension/Resources/FinderXFinderExtension.entitlements;
				CODE_SIGN_STYLE = Automatic;
				DEVELOPMENT_TEAM = "";
				ENABLE_USER_SCRIPT_SANDBOXING = NO;
				INFOPLIST_FILE = FinderXFinderExtension/Resources/Info.plist;
				LD_RUNPATH_SEARCH_PATHS = "$(inherited) @executable_path/../Frameworks @executable_path/../../../../Frameworks";
				MACOSX_DEPLOYMENT_TARGET = 14.0;
				PRODUCT_BUNDLE_IDENTIFIER = dev.finderx.FinderX.FinderExtension;
				SDKROOT = macosx;
				SWIFT_VERSION = 6.0;
			};
			name = Debug;
		};
		053D73A75F6807959A414265 /* Release */ = {
			isa = XCBuildConfiguration;
			buildSettings = {
				CLANG_ENABLE_MODULES = YES;
				CODE_SIGN_STYLE = Automatic;
				COMBINE_HIDPI_IMAGES = YES;
				CURRENT_PROJECT_VERSION = 1;
				DEFINES_MODULE = YES;
				DEVELOPMENT_TEAM = "";
				DYLIB_COMPATIBILITY_VERSION = 1;
				DYLIB_CURRENT_VERSION = 1;
				DYLIB_INSTALL_NAME_BASE = "@rpath";
				ENABLE_USER_SCRIPT_SANDBOXING = NO;
				GENERATE_INFOPLIST_FILE = YES;
				INSTALL_PATH = "$(LOCAL_LIBRARY_DIR)/Frameworks";
				LD_RUNPATH_SEARCH_PATHS = "$(inherited) @executable_path/../Frameworks @loader_path/Frameworks";
				MACOSX_DEPLOYMENT_TARGET = 14.0;
				MARKETING_VERSION = 0.1.0;
				PRODUCT_BUNDLE_IDENTIFIER = dev.finderx.XMindPreviewCore;
				PRODUCT_NAME = "$(TARGET_NAME:c99extidentifier)";
				SDKROOT = macosx;
				SKIP_INSTALL = YES;
				SWIFT_VERSION = 6.0;
				VERSIONING_SYSTEM = "apple-generic";
				VERSION_INFO_PREFIX = "";
			};
			name = Release;
		};
		087A6249166730E27ABB4ADF /* Release */ = {
			isa = XCBuildConfiguration;
			buildSettings = {
				CLANG_ENABLE_MODULES = YES;
				CODE_SIGN_STYLE = Automatic;
				COMBINE_HIDPI_IMAGES = YES;
				CURRENT_PROJECT_VERSION = 1;
				DEFINES_MODULE = YES;
				DEVELOPMENT_TEAM = "";
				DYLIB_COMPATIBILITY_VERSION = 1;
				DYLIB_CURRENT_VERSION = 1;
				DYLIB_INSTALL_NAME_BASE = "@rpath";
				ENABLE_USER_SCRIPT_SANDBOXING = NO;
				GENERATE_INFOPLIST_FILE = YES;
				INSTALL_PATH = "$(LOCAL_LIBRARY_DIR)/Frameworks";
				LD_RUNPATH_SEARCH_PATHS = "$(inherited) @executable_path/../Frameworks @loader_path/Frameworks";
				MACOSX_DEPLOYMENT_TARGET = 14.0;
				MARKETING_VERSION = 0.1.0;
				PRODUCT_BUNDLE_IDENTIFIER = dev.finderx.FinderXLinking;
				PRODUCT_NAME = "$(TARGET_NAME:c99extidentifier)";
				SDKROOT = macosx;
				SKIP_INSTALL = YES;
				SWIFT_VERSION = 6.0;
				VERSIONING_SYSTEM = "apple-generic";
				VERSION_INFO_PREFIX = "";
			};
			name = Release;
		};
		1237B63A08B0C6749F421EC5 /* Debug */ = {
			isa = XCBuildConfiguration;
			buildSettings = {
				CLANG_ENABLE_MODULES = YES;
				CODE_SIGN_STYLE = Automatic;
				DEVELOPMENT_TEAM = "";
				ENABLE_USER_SCRIPT_SANDBOXING = NO;
				LD_RUNPATH_SEARCH_PATHS = "$(inherited) @executable_path/../Frameworks @executable_path";
				MACOSX_DEPLOYMENT_TARGET = 14.0;
				PRODUCT_BUNDLE_IDENTIFIER = dev.finderx.FinderXCompressCLI;
				PRODUCT_NAME = "finderx-compress";
				SDKROOT = macosx;
				SWIFT_VERSION = 6.0;
			};
			name = Debug;
		};
		17EDD59716218740C3C56361 /* Debug */ = {
			isa = XCBuildConfiguration;
			buildSettings = {
				CLANG_ENABLE_MODULES = YES;
				CODE_SIGN_STYLE = Automatic;
				DEVELOPMENT_TEAM = "";
				ENABLE_USER_SCRIPT_SANDBOXING = NO;
				GENERATE_INFOPLIST_FILE = YES;
				LD_RUNPATH_SEARCH_PATHS = "$(inherited) @loader_path/Frameworks @loader_path/../Frameworks";
				MACOSX_DEPLOYMENT_TARGET = 14.0;
				PRODUCT_BUNDLE_IDENTIFIER = dev.finderx.XMindPreviewCoreTests;
				SDKROOT = macosx;
				SWIFT_VERSION = 6.0;
			};
			name = Debug;
		};
		1C8B727E39741339E35FFA3D /* Debug */ = {
			isa = XCBuildConfiguration;
			buildSettings = {
				CLANG_ENABLE_MODULES = YES;
				CODE_SIGN_STYLE = Automatic;
				DEVELOPMENT_TEAM = "";
				ENABLE_USER_SCRIPT_SANDBOXING = NO;
				GENERATE_INFOPLIST_FILE = YES;
				LD_RUNPATH_SEARCH_PATHS = "$(inherited) @loader_path/Frameworks @loader_path/../Frameworks";
				MACOSX_DEPLOYMENT_TARGET = 14.0;
				PRODUCT_BUNDLE_IDENTIFIER = dev.finderx.FinderXLinkingTests;
				SDKROOT = macosx;
				SWIFT_VERSION = 6.0;
			};
			name = Debug;
		};
		21CD74FCD5477E643E49CA90 /* Debug */ = {
			isa = XCBuildConfiguration;
			buildSettings = {
				CLANG_ENABLE_MODULES = YES;
				CODE_SIGN_STYLE = Automatic;
				DEVELOPMENT_TEAM = "";
				ENABLE_USER_SCRIPT_SANDBOXING = NO;
				GENERATE_INFOPLIST_FILE = YES;
				LD_RUNPATH_SEARCH_PATHS = "$(inherited) @loader_path/Frameworks @loader_path/../Frameworks";
				MACOSX_DEPLOYMENT_TARGET = 14.0;
				PRODUCT_BUNDLE_IDENTIFIER = dev.finderx.ImageCompressionCoreTests;
				SDKROOT = macosx;
				SWIFT_VERSION = 6.0;
			};
			name = Debug;
		};
		2C0C572AD38F60F4E8D3C7C6 /* Debug */ = {
			isa = XCBuildConfiguration;
			buildSettings = {
				APPLICATION_EXTENSION_API_ONLY = YES;
				CLANG_ENABLE_MODULES = YES;
				CODE_SIGN_ENTITLEMENTS = FinderXXMindPreviewExtension/Resources/FinderXXMindPreviewExtension.entitlements;
				CODE_SIGN_STYLE = Automatic;
				DEVELOPMENT_TEAM = "";
				ENABLE_USER_SCRIPT_SANDBOXING = NO;
				ENABLE_USER_SELECTED_FILES = readonly;
				INFOPLIST_FILE = FinderXXMindPreviewExtension/Resources/Info.plist;
				LD_RUNPATH_SEARCH_PATHS = "$(inherited) @executable_path/../Frameworks @executable_path/../../../../Frameworks";
				MACOSX_DEPLOYMENT_TARGET = 14.0;
				PRODUCT_BUNDLE_IDENTIFIER = dev.finderx.FinderX.XMindPreviewExtension;
				SDKROOT = macosx;
				SWIFT_VERSION = 6.0;
			};
			name = Debug;
		};
		379E46F094818E104F6C1BD5 /* Release */ = {
			isa = XCBuildConfiguration;
			buildSettings = {
				CLANG_ENABLE_MODULES = YES;
				CODE_SIGN_STYLE = Automatic;
				DEVELOPMENT_TEAM = "";
				ENABLE_USER_SCRIPT_SANDBOXING = NO;
				LD_RUNPATH_SEARCH_PATHS = "$(inherited) @executable_path/../Frameworks @executable_path";
				MACOSX_DEPLOYMENT_TARGET = 14.0;
				PRODUCT_BUNDLE_IDENTIFIER = dev.finderx.FinderXCompressCLI;
				PRODUCT_NAME = "finderx-compress";
				SDKROOT = macosx;
				SWIFT_VERSION = 6.0;
			};
			name = Release;
		};
		6063549BF63CCBE0DE8BB98C /* Debug */ = {
			isa = XCBuildConfiguration;
			buildSettings = {
				ALWAYS_SEARCH_USER_PATHS = NO;
				CLANG_ANALYZER_NONNULL = YES;
				CLANG_ANALYZER_NUMBER_OBJECT_CONVERSION = YES_AGGRESSIVE;
				CLANG_CXX_LANGUAGE_STANDARD = "gnu++14";
				CLANG_CXX_LIBRARY = "libc++";
				CLANG_ENABLE_MODULES = YES;
				CLANG_ENABLE_OBJC_ARC = YES;
				CLANG_ENABLE_OBJC_WEAK = YES;
				CLANG_WARN_BLOCK_CAPTURE_AUTORELEASING = YES;
				CLANG_WARN_BOOL_CONVERSION = YES;
				CLANG_WARN_COMMA = YES;
				CLANG_WARN_CONSTANT_CONVERSION = YES;
				CLANG_WARN_DEPRECATED_OBJC_IMPLEMENTATIONS = YES;
				CLANG_WARN_DIRECT_OBJC_ISA_USAGE = YES_ERROR;
				CLANG_WARN_DOCUMENTATION_COMMENTS = YES;
				CLANG_WARN_EMPTY_BODY = YES;
				CLANG_WARN_ENUM_CONVERSION = YES;
				CLANG_WARN_INFINITE_RECURSION = YES;
				CLANG_WARN_INT_CONVERSION = YES;
				CLANG_WARN_NON_LITERAL_NULL_CONVERSION = YES;
				CLANG_WARN_OBJC_IMPLICIT_RETAIN_SELF = YES;
				CLANG_WARN_OBJC_LITERAL_CONVERSION = YES;
				CLANG_WARN_OBJC_ROOT_CLASS = YES_ERROR;
				CLANG_WARN_QUOTED_INCLUDE_IN_FRAMEWORK_HEADER = YES;
				CLANG_WARN_RANGE_LOOP_ANALYSIS = YES;
				CLANG_WARN_STRICT_PROTOTYPES = YES;
				CLANG_WARN_SUSPICIOUS_MOVE = YES;
				CLANG_WARN_UNGUARDED_AVAILABILITY = YES_AGGRESSIVE;
				CLANG_WARN_UNREACHABLE_CODE = YES;
				CLANG_WARN__DUPLICATE_METHOD_MATCH = YES;
				COPY_PHASE_STRIP = NO;
				DEBUG_INFORMATION_FORMAT = dwarf;
				ENABLE_STRICT_OBJC_MSGSEND = YES;
				ENABLE_TESTABILITY = YES;
				GCC_C_LANGUAGE_STANDARD = gnu11;
				GCC_DYNAMIC_NO_PIC = NO;
				GCC_NO_COMMON_BLOCKS = YES;
				GCC_OPTIMIZATION_LEVEL = 0;
				GCC_PREPROCESSOR_DEFINITIONS = (
					"DEBUG=1",
					"$(inherited)",
				);
				GCC_WARN_64_TO_32_BIT_CONVERSION = YES;
				GCC_WARN_ABOUT_RETURN_TYPE = YES_ERROR;
				GCC_WARN_UNDECLARED_SELECTOR = YES;
				GCC_WARN_UNINITIALIZED_AUTOS = YES_AGGRESSIVE;
				GCC_WARN_UNUSED_FUNCTION = YES;
				GCC_WARN_UNUSED_VARIABLE = YES;
				MTL_ENABLE_DEBUG_INFO = INCLUDE_SOURCE;
				MTL_FAST_MATH = YES;
				ONLY_ACTIVE_ARCH = YES;
				PRODUCT_NAME = "$(TARGET_NAME)";
				SWIFT_ACTIVE_COMPILATION_CONDITIONS = DEBUG;
				SWIFT_OPTIMIZATION_LEVEL = "-Onone";
				SWIFT_VERSION = 5.0;
			};
			name = Debug;
		};
		60D082563FCA463B4048D952 /* Debug */ = {
			isa = XCBuildConfiguration;
			buildSettings = {
				ASSETCATALOG_COMPILER_APPICON_NAME = AppIcon;
				ASSETCATALOG_COMPILER_GLOBAL_ACCENT_COLOR_NAME = AccentColor;
				CLANG_ENABLE_MODULES = YES;
				CODE_SIGN_ENTITLEMENTS = FinderX/Resources/FinderX.entitlements;
				CODE_SIGN_STYLE = Automatic;
				COMBINE_HIDPI_IMAGES = YES;
				DEVELOPMENT_TEAM = "";
				ENABLE_USER_SCRIPT_SANDBOXING = NO;
				INFOPLIST_FILE = FinderX/Resources/Info.plist;
				LD_RUNPATH_SEARCH_PATHS = "$(inherited) @executable_path/../Frameworks";
				MACOSX_DEPLOYMENT_TARGET = 14.0;
				PRODUCT_BUNDLE_IDENTIFIER = dev.finderx.FinderX;
				SDKROOT = macosx;
				SWIFT_VERSION = 6.0;
			};
			name = Debug;
		};
		6E7F520C4337A50B7FA9FFEF /* Release */ = {
			isa = XCBuildConfiguration;
			buildSettings = {
				CLANG_ENABLE_MODULES = YES;
				CODE_SIGN_STYLE = Automatic;
				DEVELOPMENT_TEAM = "";
				ENABLE_USER_SCRIPT_SANDBOXING = NO;
				GENERATE_INFOPLIST_FILE = YES;
				LD_RUNPATH_SEARCH_PATHS = "$(inherited) @loader_path/Frameworks @loader_path/../Frameworks";
				MACOSX_DEPLOYMENT_TARGET = 14.0;
				PRODUCT_BUNDLE_IDENTIFIER = dev.finderx.XMindPreviewCoreTests;
				SDKROOT = macosx;
				SWIFT_VERSION = 6.0;
			};
			name = Release;
		};
		87B0A9DD2DA098F271FD1C0C /* Release */ = {
			isa = XCBuildConfiguration;
			buildSettings = {
				ASSETCATALOG_COMPILER_APPICON_NAME = AppIcon;
				ASSETCATALOG_COMPILER_GLOBAL_ACCENT_COLOR_NAME = AccentColor;
				CLANG_ENABLE_MODULES = YES;
				CODE_SIGN_ENTITLEMENTS = FinderX/Resources/FinderX.entitlements;
				CODE_SIGN_STYLE = Automatic;
				COMBINE_HIDPI_IMAGES = YES;
				DEVELOPMENT_TEAM = "";
				ENABLE_USER_SCRIPT_SANDBOXING = NO;
				INFOPLIST_FILE = FinderX/Resources/Info.plist;
				LD_RUNPATH_SEARCH_PATHS = "$(inherited) @executable_path/../Frameworks";
				MACOSX_DEPLOYMENT_TARGET = 14.0;
				PRODUCT_BUNDLE_IDENTIFIER = dev.finderx.FinderX;
				SDKROOT = macosx;
				SWIFT_VERSION = 6.0;
			};
			name = Release;
		};
		948208B7A53FEBE8BEB4D430 /* Release */ = {
			isa = XCBuildConfiguration;
			buildSettings = {
				APPLICATION_EXTENSION_API_ONLY = YES;
				CLANG_ENABLE_MODULES = YES;
				CODE_SIGN_ENTITLEMENTS = FinderXXMindThumbnailExtension/Resources/FinderXXMindThumbnailExtension.entitlements;
				CODE_SIGN_STYLE = Automatic;
				DEVELOPMENT_TEAM = "";
				ENABLE_USER_SCRIPT_SANDBOXING = NO;
				ENABLE_USER_SELECTED_FILES = readonly;
				INFOPLIST_FILE = FinderXXMindThumbnailExtension/Resources/Info.plist;
				LD_RUNPATH_SEARCH_PATHS = "$(inherited) @executable_path/../Frameworks @executable_path/../../../../Frameworks";
				MACOSX_DEPLOYMENT_TARGET = 14.0;
				PRODUCT_BUNDLE_IDENTIFIER = dev.finderx.FinderX.XMindThumbnailExtension;
				SDKROOT = macosx;
				SWIFT_VERSION = 6.0;
			};
			name = Release;
		};
		A2490DF1FAAA3AF12B820EC1 /* Release */ = {
			isa = XCBuildConfiguration;
			buildSettings = {
				ALWAYS_SEARCH_USER_PATHS = NO;
				CLANG_ANALYZER_NONNULL = YES;
				CLANG_ANALYZER_NUMBER_OBJECT_CONVERSION = YES_AGGRESSIVE;
				CLANG_CXX_LANGUAGE_STANDARD = "gnu++14";
				CLANG_CXX_LIBRARY = "libc++";
				CLANG_ENABLE_MODULES = YES;
				CLANG_ENABLE_OBJC_ARC = YES;
				CLANG_ENABLE_OBJC_WEAK = YES;
				CLANG_WARN_BLOCK_CAPTURE_AUTORELEASING = YES;
				CLANG_WARN_BOOL_CONVERSION = YES;
				CLANG_WARN_COMMA = YES;
				CLANG_WARN_CONSTANT_CONVERSION = YES;
				CLANG_WARN_DEPRECATED_OBJC_IMPLEMENTATIONS = YES;
				CLANG_WARN_DIRECT_OBJC_ISA_USAGE = YES_ERROR;
				CLANG_WARN_DOCUMENTATION_COMMENTS = YES;
				CLANG_WARN_EMPTY_BODY = YES;
				CLANG_WARN_ENUM_CONVERSION = YES;
				CLANG_WARN_INFINITE_RECURSION = YES;
				CLANG_WARN_INT_CONVERSION = YES;
				CLANG_WARN_NON_LITERAL_NULL_CONVERSION = YES;
				CLANG_WARN_OBJC_IMPLICIT_RETAIN_SELF = YES;
				CLANG_WARN_OBJC_LITERAL_CONVERSION = YES;
				CLANG_WARN_OBJC_ROOT_CLASS = YES_ERROR;
				CLANG_WARN_QUOTED_INCLUDE_IN_FRAMEWORK_HEADER = YES;
				CLANG_WARN_RANGE_LOOP_ANALYSIS = YES;
				CLANG_WARN_STRICT_PROTOTYPES = YES;
				CLANG_WARN_SUSPICIOUS_MOVE = YES;
				CLANG_WARN_UNGUARDED_AVAILABILITY = YES_AGGRESSIVE;
				CLANG_WARN_UNREACHABLE_CODE = YES;
				CLANG_WARN__DUPLICATE_METHOD_MATCH = YES;
				COPY_PHASE_STRIP = NO;
				DEBUG_INFORMATION_FORMAT = "dwarf-with-dsym";
				ENABLE_NS_ASSERTIONS = NO;
				ENABLE_STRICT_OBJC_MSGSEND = YES;
				GCC_C_LANGUAGE_STANDARD = gnu11;
				GCC_NO_COMMON_BLOCKS = YES;
				GCC_WARN_64_TO_32_BIT_CONVERSION = YES;
				GCC_WARN_ABOUT_RETURN_TYPE = YES_ERROR;
				GCC_WARN_UNDECLARED_SELECTOR = YES;
				GCC_WARN_UNINITIALIZED_AUTOS = YES_AGGRESSIVE;
				GCC_WARN_UNUSED_FUNCTION = YES;
				GCC_WARN_UNUSED_VARIABLE = YES;
				MTL_ENABLE_DEBUG_INFO = NO;
				MTL_FAST_MATH = YES;
				PRODUCT_NAME = "$(TARGET_NAME)";
				SWIFT_COMPILATION_MODE = wholemodule;
				SWIFT_OPTIMIZATION_LEVEL = "-O";
				SWIFT_VERSION = 5.0;
			};
			name = Release;
		};
		A6FCA02D2937BBD31F9AFA32 /* Release */ = {
			isa = XCBuildConfiguration;
			buildSettings = {
				APPLICATION_EXTENSION_API_ONLY = YES;
				CLANG_ENABLE_MODULES = YES;
				CODE_SIGN_ENTITLEMENTS = FinderXFinderExtension/Resources/FinderXFinderExtension.entitlements;
				CODE_SIGN_STYLE = Automatic;
				DEVELOPMENT_TEAM = "";
				ENABLE_USER_SCRIPT_SANDBOXING = NO;
				INFOPLIST_FILE = FinderXFinderExtension/Resources/Info.plist;
				LD_RUNPATH_SEARCH_PATHS = "$(inherited) @executable_path/../Frameworks @executable_path/../../../../Frameworks";
				MACOSX_DEPLOYMENT_TARGET = 14.0;
				PRODUCT_BUNDLE_IDENTIFIER = dev.finderx.FinderX.FinderExtension;
				SDKROOT = macosx;
				SWIFT_VERSION = 6.0;
			};
			name = Release;
		};
		B2CCE1DD2A6CC433B8605346 /* Debug */ = {
			isa = XCBuildConfiguration;
			buildSettings = {
				CLANG_ENABLE_MODULES = YES;
				CODE_SIGN_STYLE = Automatic;
				COMBINE_HIDPI_IMAGES = YES;
				CURRENT_PROJECT_VERSION = 1;
				DEFINES_MODULE = YES;
				DEVELOPMENT_TEAM = "";
				DYLIB_COMPATIBILITY_VERSION = 1;
				DYLIB_CURRENT_VERSION = 1;
				DYLIB_INSTALL_NAME_BASE = "@rpath";
				ENABLE_USER_SCRIPT_SANDBOXING = NO;
				GENERATE_INFOPLIST_FILE = YES;
				INSTALL_PATH = "$(LOCAL_LIBRARY_DIR)/Frameworks";
				LD_RUNPATH_SEARCH_PATHS = "$(inherited) @executable_path/../Frameworks @loader_path/Frameworks";
				MACOSX_DEPLOYMENT_TARGET = 14.0;
				MARKETING_VERSION = 0.1.0;
				PRODUCT_BUNDLE_IDENTIFIER = dev.finderx.FinderXLinking;
				PRODUCT_NAME = "$(TARGET_NAME:c99extidentifier)";
				SDKROOT = macosx;
				SKIP_INSTALL = YES;
				SWIFT_VERSION = 6.0;
				VERSIONING_SYSTEM = "apple-generic";
				VERSION_INFO_PREFIX = "";
			};
			name = Debug;
		};
		C2AE779B4252D0425D443034 /* Release */ = {
			isa = XCBuildConfiguration;
			buildSettings = {
				CLANG_ENABLE_MODULES = YES;
				CODE_SIGN_STYLE = Automatic;
				DEVELOPMENT_TEAM = "";
				ENABLE_USER_SCRIPT_SANDBOXING = NO;
				GENERATE_INFOPLIST_FILE = YES;
				LD_RUNPATH_SEARCH_PATHS = "$(inherited) @loader_path/Frameworks @loader_path/../Frameworks";
				MACOSX_DEPLOYMENT_TARGET = 14.0;
				PRODUCT_BUNDLE_IDENTIFIER = dev.finderx.FinderXLinkingTests;
				SDKROOT = macosx;
				SWIFT_VERSION = 6.0;
			};
			name = Release;
		};
		D09F8EC84079AB60CAB51E3E /* Debug */ = {
			isa = XCBuildConfiguration;
			buildSettings = {
				APPLICATION_EXTENSION_API_ONLY = YES;
				CLANG_ENABLE_MODULES = YES;
				CODE_SIGN_ENTITLEMENTS = FinderXXMindThumbnailExtension/Resources/FinderXXMindThumbnailExtension.entitlements;
				CODE_SIGN_STYLE = Automatic;
				DEVELOPMENT_TEAM = "";
				ENABLE_USER_SCRIPT_SANDBOXING = NO;
				ENABLE_USER_SELECTED_FILES = readonly;
				INFOPLIST_FILE = FinderXXMindThumbnailExtension/Resources/Info.plist;
				LD_RUNPATH_SEARCH_PATHS = "$(inherited) @executable_path/../Frameworks @executable_path/../../../../Frameworks";
				MACOSX_DEPLOYMENT_TARGET = 14.0;
				PRODUCT_BUNDLE_IDENTIFIER = dev.finderx.FinderX.XMindThumbnailExtension;
				SDKROOT = macosx;
				SWIFT_VERSION = 6.0;
			};
			name = Debug;
		};
		DF6715C082F46A0F2291648C /* Release */ = {
			isa = XCBuildConfiguration;
			buildSettings = {
				APPLICATION_EXTENSION_API_ONLY = YES;
				CLANG_ENABLE_MODULES = YES;
				CODE_SIGN_ENTITLEMENTS = FinderXXMindPreviewExtension/Resources/FinderXXMindPreviewExtension.entitlements;
				CODE_SIGN_STYLE = Automatic;
				DEVELOPMENT_TEAM = "";
				ENABLE_USER_SCRIPT_SANDBOXING = NO;
				ENABLE_USER_SELECTED_FILES = readonly;
				INFOPLIST_FILE = FinderXXMindPreviewExtension/Resources/Info.plist;
				LD_RUNPATH_SEARCH_PATHS = "$(inherited) @executable_path/../Frameworks @executable_path/../../../../Frameworks";
				MACOSX_DEPLOYMENT_TARGET = 14.0;
				PRODUCT_BUNDLE_IDENTIFIER = dev.finderx.FinderX.XMindPreviewExtension;
				SDKROOT = macosx;
				SWIFT_VERSION = 6.0;
			};
			name = Release;
		};
		E2564F8E71BD6BC7AA6D8DAF /* Debug */ = {
			isa = XCBuildConfiguration;
			buildSettings = {
				CLANG_ENABLE_MODULES = YES;
				CODE_SIGN_STYLE = Automatic;
				COMBINE_HIDPI_IMAGES = YES;
				CURRENT_PROJECT_VERSION = 1;
				DEFINES_MODULE = YES;
				DEVELOPMENT_TEAM = "";
				DYLIB_COMPATIBILITY_VERSION = 1;
				DYLIB_CURRENT_VERSION = 1;
				DYLIB_INSTALL_NAME_BASE = "@rpath";
				ENABLE_USER_SCRIPT_SANDBOXING = NO;
				GENERATE_INFOPLIST_FILE = YES;
				INSTALL_PATH = "$(LOCAL_LIBRARY_DIR)/Frameworks";
				LD_RUNPATH_SEARCH_PATHS = "$(inherited) @executable_path/../Frameworks @loader_path/Frameworks";
				MACOSX_DEPLOYMENT_TARGET = 14.0;
				MARKETING_VERSION = 0.1.0;
				PRODUCT_BUNDLE_IDENTIFIER = dev.finderx.ImageCompressionCore;
				PRODUCT_NAME = "$(TARGET_NAME:c99extidentifier)";
				SDKROOT = macosx;
				SKIP_INSTALL = YES;
				SWIFT_VERSION = 6.0;
				VERSIONING_SYSTEM = "apple-generic";
				VERSION_INFO_PREFIX = "";
			};
			name = Debug;
		};
		E29FF7138B971AFCB70CA7BA /* Debug */ = {
			isa = XCBuildConfiguration;
			buildSettings = {
				CLANG_ENABLE_MODULES = YES;
				CODE_SIGN_STYLE = Automatic;
				COMBINE_HIDPI_IMAGES = YES;
				CURRENT_PROJECT_VERSION = 1;
				DEFINES_MODULE = YES;
				DEVELOPMENT_TEAM = "";
				DYLIB_COMPATIBILITY_VERSION = 1;
				DYLIB_CURRENT_VERSION = 1;
				DYLIB_INSTALL_NAME_BASE = "@rpath";
				ENABLE_USER_SCRIPT_SANDBOXING = NO;
				GENERATE_INFOPLIST_FILE = YES;
				INSTALL_PATH = "$(LOCAL_LIBRARY_DIR)/Frameworks";
				LD_RUNPATH_SEARCH_PATHS = "$(inherited) @executable_path/../Frameworks @loader_path/Frameworks";
				MACOSX_DEPLOYMENT_TARGET = 14.0;
				MARKETING_VERSION = 0.1.0;
				PRODUCT_BUNDLE_IDENTIFIER = dev.finderx.XMindPreviewCore;
				PRODUCT_NAME = "$(TARGET_NAME:c99extidentifier)";
				SDKROOT = macosx;
				SKIP_INSTALL = YES;
				SWIFT_VERSION = 6.0;
				VERSIONING_SYSTEM = "apple-generic";
				VERSION_INFO_PREFIX = "";
			};
			name = Debug;
		};
		F86F355FD6108AC17755FFC6 /* Release */ = {
			isa = XCBuildConfiguration;
			buildSettings = {
				CLANG_ENABLE_MODULES = YES;
				CODE_SIGN_STYLE = Automatic;
				DEVELOPMENT_TEAM = "";
				ENABLE_USER_SCRIPT_SANDBOXING = NO;
				GENERATE_INFOPLIST_FILE = YES;
				LD_RUNPATH_SEARCH_PATHS = "$(inherited) @loader_path/Frameworks @loader_path/../Frameworks";
				MACOSX_DEPLOYMENT_TARGET = 14.0;
				PRODUCT_BUNDLE_IDENTIFIER = dev.finderx.ImageCompressionCoreTests;
				SDKROOT = macosx;
				SWIFT_VERSION = 6.0;
			};
			name = Release;
		};
/* End XCBuildConfiguration section */

/* Begin XCConfigurationList section */
		09C9484965F2CAA5B5E1BC55 /* Build configuration list for PBXNativeTarget "ImageCompressionCoreTests" */ = {
			isa = XCConfigurationList;
			buildConfigurations = (
				F86F355FD6108AC17755FFC6 /* Release */,
				21CD74FCD5477E643E49CA90 /* Debug */,
			);
			defaultConfigurationIsVisible = 0;
			defaultConfigurationName = Release;
		};
		28F2D0548934E81A62B1950A /* Build configuration list for PBXNativeTarget "XMindPreviewCoreTests" */ = {
			isa = XCConfigurationList;
			buildConfigurations = (
				6E7F520C4337A50B7FA9FFEF /* Release */,
				17EDD59716218740C3C56361 /* Debug */,
			);
			defaultConfigurationIsVisible = 0;
			defaultConfigurationName = Release;
		};
		351AC328CE0EDAE24302A5A4 /* Build configuration list for PBXNativeTarget "FinderX" */ = {
			isa = XCConfigurationList;
			buildConfigurations = (
				87B0A9DD2DA098F271FD1C0C /* Release */,
				60D082563FCA463B4048D952 /* Debug */,
			);
			defaultConfigurationIsVisible = 0;
			defaultConfigurationName = Release;
		};
		4B38D30CCDA20D6E3449C174 /* Build configuration list for PBXNativeTarget "FinderXFinderExtension" */ = {
			isa = XCConfigurationList;
			buildConfigurations = (
				A6FCA02D2937BBD31F9AFA32 /* Release */,
				04F6CAE3DB79EB66F565886A /* Debug */,
			);
			defaultConfigurationIsVisible = 0;
			defaultConfigurationName = Release;
		};
		5DCF90B6C18C1D4EBD78AF1E /* Build configuration list for PBXNativeTarget "FinderXXMindThumbnailExtension" */ = {
			isa = XCConfigurationList;
			buildConfigurations = (
				948208B7A53FEBE8BEB4D430 /* Release */,
				D09F8EC84079AB60CAB51E3E /* Debug */,
			);
			defaultConfigurationIsVisible = 0;
			defaultConfigurationName = Release;
		};
		6734EB9A28BD0E378E2633B4 /* Build configuration list for PBXNativeTarget "FinderXLinkingTests" */ = {
			isa = XCConfigurationList;
			buildConfigurations = (
				C2AE779B4252D0425D443034 /* Release */,
				1C8B727E39741339E35FFA3D /* Debug */,
			);
			defaultConfigurationIsVisible = 0;
			defaultConfigurationName = Release;
		};
		9ED378CA586943F01CAD5F45 /* Build configuration list for PBXNativeTarget "ImageCompressionCore" */ = {
			isa = XCConfigurationList;
			buildConfigurations = (
				040F3B275D5E90CBB5BF0C83 /* Release */,
				E2564F8E71BD6BC7AA6D8DAF /* Debug */,
			);
			defaultConfigurationIsVisible = 0;
			defaultConfigurationName = Release;
		};
		A83EA66B517C2D9E57E3689F /* Build configuration list for PBXProject "FinderX" */ = {
			isa = XCConfigurationList;
			buildConfigurations = (
				6063549BF63CCBE0DE8BB98C /* Debug */,
				A2490DF1FAAA3AF12B820EC1 /* Release */,
			);
			defaultConfigurationIsVisible = 0;
			defaultConfigurationName = Release;
		};
		A8D32075BC5EC2E3AE08E218 /* Build configuration list for PBXNativeTarget "FinderXXMindPreviewExtension" */ = {
			isa = XCConfigurationList;
			buildConfigurations = (
				DF6715C082F46A0F2291648C /* Release */,
				2C0C572AD38F60F4E8D3C7C6 /* Debug */,
			);
			defaultConfigurationIsVisible = 0;
			defaultConfigurationName = Release;
		};
		C20B6EAB8E071E210C886FF3 /* Build configuration list for PBXNativeTarget "FinderXCompressCLI" */ = {
			isa = XCConfigurationList;
			buildConfigurations = (
				379E46F094818E104F6C1BD5 /* Release */,
				1237B63A08B0C6749F421EC5 /* Debug */,
			);
			defaultConfigurationIsVisible = 0;
			defaultConfigurationName = Release;
		};
		CFB96AD475B8BC37AE0CEEDE /* Build configuration list for PBXNativeTarget "XMindPreviewCore" */ = {
			isa = XCConfigurationList;
			buildConfigurations = (
				053D73A75F6807959A414265 /* Release */,
				E29FF7138B971AFCB70CA7BA /* Debug */,
			);
			defaultConfigurationIsVisible = 0;
			defaultConfigurationName = Release;
		};
		E36AC1AC3631AF9585BB3536 /* Build configuration list for PBXNativeTarget "FinderXLinking" */ = {
			isa = XCConfigurationList;
			buildConfigurations = (
				087A6249166730E27ABB4ADF /* Release */,
				B2CCE1DD2A6CC433B8605346 /* Debug */,
			);
			defaultConfigurationIsVisible = 0;
			defaultConfigurationName = Release;
		};
/* End XCConfigurationList section */
	};
	rootObject = 7905D6BFF6B4397A426334A8 /* Project object */;
}
